
Microsoft Visual Studio Solution File, Format Version 12.00
# Visual Studio Version 17
VisualStudioVersion = 17.0.31903.59
MinimumVisualStudioVersion = 10.0.40219.1
Project("{FAE04EC0-301F-11D3-BF4B-00C04F79EFBC}") = "Conqueror.Benchmarks", "Conqueror.Benchmarks\Conqueror.Benchmarks.csproj", "{D3CE8DA2-C89E-4349-AE91-C1A3612B5AA9}"
EndProject
Project("{FAE04EC0-301F-11D3-BF4B-00C04F79EFBC}") = "Conqueror.Abstractions", "Conqueror.Abstractions\Conqueror.Abstractions.csproj", "{181F31BA-9333-4D5B-9AFD-F42842ABBCB1}"
EndProject
Project("{FAE04EC0-301F-11D3-BF4B-00C04F79EFBC}") = "Conqueror", "Conqueror\Conqueror.csproj", "{5497AEC8-30C6-424E-A106-98CED3385B2A}"
EndProject
Project("{FAE04EC0-301F-11D3-BF4B-00C04F79EFBC}") = "Conqueror.SourceGenerators", "Conqueror.SourceGenerators\Conqueror.SourceGenerators.csproj", "{3789D83D-035A-4F1B-9DD6-BF193FF074A0}"
EndProject
Project("{FAE04EC0-301F-11D3-BF4B-00C04F79EFBC}") = "Conqueror.SourceGenerators.Tests", "Conqueror.SourceGenerators.Tests\Conqueror.SourceGenerators.Tests.csproj", "{F10A535D-7FEE-42A6-BAA7-A43FA3AAED4E}"
EndProject
Project("{FAE04EC0-301F-11D3-BF4B-00C04F79EFBC}") = "Conqueror.Tests", "Conqueror.Tests\Conqueror.Tests.csproj", "{C8EB9C13-A56D-4A51-9DEC-97EB8EC55EFE}"
EndProject
Project("{FAE04EC0-301F-11D3-BF4B-00C04F79EFBC}") = "Conqueror.Tests.AOT", "Conqueror.Tests.AOT\Conqueror.Tests.AOT.csproj", "{90DEE6BC-8240-4B50-A406-49A0DC9F3FA0}"
EndProject
Project("{2150E333-8FDC-42A3-9474-1A3956D46DE8}") = "recipes", "recipes", "{E1F2A3B4-C5D6-4E7F-8A9B-0C1D2E3F4A5B}"
EndProject
Project("{2150E333-8FDC-42A3-9474-1A3956D46DE8}") = "messaging", "messaging", "{F2A3B4C5-D6E7-4F8A-9B0C-1D2E3F4A5B6C}"
EndProject
Project("{2150E333-8FDC-42A3-9474-1A3956D46DE8}") = "getting-started", "getting-started", "{A3B4C5D6-E7F8-4A9B-0C1D-2E3F4A5B6C7D}"
EndProject
Project("{2150E333-8FDC-42A3-9474-1A3956D46DE8}") = ".completed", ".completed", "{B4C5D6E7-F8A9-4B0C-1D2E-3F4A5B6C7D8E}"
EndProject
Project("{FAE04EC0-301F-11D3-BF4B-00C04F79EFBC}") = "Conqueror.Recipes.Messaging.GettingStarted", "recipes\messaging\getting-started\.completed\Conqueror.Recipes.Messaging.GettingStarted\Conqueror.Recipes.Messaging.GettingStarted.csproj", "{A1B2C3D4-E5F6-4A5B-8C9D-0E1F2A3B4C5D}"
EndProject
Global
	GlobalSection(SolutionConfigurationPlatforms) = preSolution
		Debug|Any CPU = Debug|Any CPU
		Release|Any CPU = Release|Any CPU
	EndGlobalSection
	GlobalSection(SolutionProperties) = preSolution
		HideSolutionNode = FALSE
	EndGlobalSection
	GlobalSection(ProjectConfigurationPlatforms) = postSolution
		{D3CE8DA2-C89E-4349-AE91-C1A3612B5AA9}.Debug|Any CPU.ActiveCfg = Debug|Any CPU
		{D3CE8DA2-C89E-4349-AE91-C1A3612B5AA9}.Debug|Any CPU.Build.0 = Debug|Any CPU
		{D3CE8DA2-C89E-4349-AE91-C1A3612B5AA9}.Release|Any CPU.ActiveCfg = Release|Any CPU
		{D3CE8DA2-C89E-4349-AE91-C1A3612B5AA9}.Release|Any CPU.Build.0 = Release|Any CPU
		{181F31BA-9333-4D5B-9AFD-F42842ABBCB1}.Debug|Any CPU.ActiveCfg = Debug|Any CPU
		{181F31BA-9333-4D5B-9AFD-F42842ABBCB1}.Debug|Any CPU.Build.0 = Debug|Any CPU
		{181F31BA-9333-4D5B-9AFD-F42842ABBCB1}.Release|Any CPU.ActiveCfg = Release|Any CPU
		{181F31BA-9333-4D5B-9AFD-F42842ABBCB1}.Release|Any CPU.Build.0 = Release|Any CPU
		{5497AEC8-30C6-424E-A106-98CED3385B2A}.Debug|Any CPU.ActiveCfg = Debug|Any CPU
		{5497AEC8-30C6-424E-A106-98CED3385B2A}.Debug|Any CPU.Build.0 = Debug|Any CPU
		{5497AEC8-30C6-424E-A106-98CED3385B2A}.Release|Any CPU.ActiveCfg = Release|Any CPU
		{5497AEC8-30C6-424E-A106-98CED3385B2A}.Release|Any CPU.Build.0 = Release|Any CPU
		{3789D83D-035A-4F1B-9DD6-BF193FF074A0}.Debug|Any CPU.ActiveCfg = Debug|Any CPU
		{3789D83D-035A-4F1B-9DD6-BF193FF074A0}.Debug|Any CPU.Build.0 = Debug|Any CPU
		{3789D83D-035A-4F1B-9DD6-BF193FF074A0}.Release|Any CPU.ActiveCfg = Release|Any CPU
		{3789D83D-035A-4F1B-9DD6-BF193FF074A0}.Release|Any CPU.Build.0 = Release|Any CPU
		{F10A535D-7FEE-42A6-BAA7-A43FA3AAED4E}.Debug|Any CPU.ActiveCfg = Debug|Any CPU
		{F10A535D-7FEE-42A6-BAA7-A43FA3AAED4E}.Debug|Any CPU.Build.0 = Debug|Any CPU
		{F10A535D-7FEE-42A6-BAA7-A43FA3AAED4E}.Release|Any CPU.ActiveCfg = Release|Any CPU
		{F10A535D-7FEE-42A6-BAA7-A43FA3AAED4E}.Release|Any CPU.Build.0 = Release|Any CPU
		{C8EB9C13-A56D-4A51-9DEC-97EB8EC55EFE}.Debug|Any CPU.ActiveCfg = Debug|Any CPU
		{C8EB9C13-A56D-4A51-9DEC-97EB8EC55EFE}.Debug|Any CPU.Build.0 = Debug|Any CPU
		{C8EB9C13-A56D-4A51-9DEC-97EB8EC55EFE}.Release|Any CPU.ActiveCfg = Release|Any CPU
		{C8EB9C13-A56D-4A51-9DEC-97EB8EC55EFE}.Release|Any CPU.Build.0 = Release|Any CPU
		{90DEE6BC-8240-4B50-A406-49A0DC9F3FA0}.Debug|Any CPU.ActiveCfg = Debug|Any CPU
		{90DEE6BC-8240-4B50-A406-49A0DC9F3FA0}.Debug|Any CPU.Build.0 = Debug|Any CPU
		{90DEE6BC-8240-4B50-A406-49A0DC9F3FA0}.Release|Any CPU.ActiveCfg = Release|Any CPU
		{90DEE6BC-8240-4B50-A406-49A0DC9F3FA0}.Release|Any CPU.Build.0 = Release|Any CPU
		{A1B2C3D4-E5F6-4A5B-8C9D-0E1F2A3B4C5D}.Debug|Any CPU.ActiveCfg = Debug|Any CPU
		{A1B2C3D4-E5F6-4A5B-8C9D-0E1F2A3B4C5D}.Debug|Any CPU.Build.0 = Debug|Any CPU
		{A1B2C3D4-E5F6-4A5B-8C9D-0E1F2A3B4C5D}.Release|Any CPU.ActiveCfg = Release|Any CPU
		{A1B2C3D4-E5F6-4A5B-8C9D-0E1F2A3B4C5D}.Release|Any CPU.Build.0 = Release|Any CPU
	EndGlobalSection
	GlobalSection(NestedProjects) = preSolution
		{F2A3B4C5-D6E7-4F8A-9B0C-1D2E3F4A5B6C} = {E1F2A3B4-C5D6-4E7F-8A9B-0C1D2E3F4A5B}
		{A3B4C5D6-E7F8-4A9B-0C1D-2E3F4A5B6C7D} = {F2A3B4C5-D6E7-4F8A-9B0C-1D2E3F4A5B6C}
		{B4C5D6E7-F8A9-4B0C-1D2E-3F4A5B6C7D8E} = {A3B4C5D6-E7F8-4A9B-0C1D-2E3F4A5B6C7D}
		{A1B2C3D4-E5F6-4A5B-8C9D-0E1F2A3B4C5D} = {B4C5D6E7-F8A9-4B0C-1D2E-3F4A5B6C7D8E}
	EndGlobalSection
EndGlobal
