
Microsoft Visual Studio Solution File, Format Version 12.00
# Visual Studio Version 17
VisualStudioVersion = 17.0.31903.59
MinimumVisualStudioVersion = 10.0.40219.1
Project("{FAE04EC0-301F-11D3-BF4B-00C04F79EFBC}") = "Conqueror.Benchmarks", "Conqueror.Benchmarks\Conqueror.Benchmarks.csproj", "{D3CE8DA2-C89E-4349-AE91-C1A3612B5AA9}"
EndProject
Project("{FAE04EC0-301F-11D3-BF4B-00C04F79EFBC}") = "Conqueror.Abstractions", "Conqueror.Abstractions\Conqueror.Abstractions.csproj", "{181F31BA-9333-4D5B-9AFD-F42842ABBCB1}"
EndProject
Project("{FAE04EC0-301F-11D3-BF4B-00C04F79EFBC}") = "Conqueror", "Conqueror\Conqueror.csproj", "{5497AEC8-30C6-424E-A106-98CED3385B2A}"
EndProject
Project("{FAE04EC0-301F-11D3-BF4B-00C04F79EFBC}") = "Conqueror.SourceGenerators", "Conqueror.SourceGenerators\Conqueror.SourceGenerators.csproj", "{3789D83D-035A-4F1B-9DD6-BF193FF074A0}"
EndProject
Project("{FAE04EC0-301F-11D3-BF4B-00C04F79EFBC}") = "Conqueror.SourceGenerators.Tests", "Conqueror.SourceGenerators.Tests\Conqueror.SourceGenerators.Tests.csproj", "{F10A535D-7FEE-42A6-BAA7-A43FA3AAED4E}"
EndProject
Project("{FAE04EC0-301F-11D3-BF4B-00C04F79EFBC}") = "Conqueror.Tests", "Conqueror.Tests\Conqueror.Tests.csproj", "{C8EB9C13-A56D-4A51-9DEC-97EB8EC55EFE}"
EndProject
Project("{FAE04EC0-301F-11D3-BF4B-00C04F79EFBC}") = "Conqueror.Tests.AOT", "Conqueror.Tests.AOT\Conqueror.Tests.AOT.csproj", "{90DEE6BC-8240-4B50-A406-49A0DC9F3FA0}"
EndProject
Project("{2150E333-8FDC-42A3-9474-1A3956D46DE8}") = "recipes", "recipes", "{E1F2A3B4-C5D6-4E7F-8A9B-0C1D2E3F4A5B}"
EndProject
Project("{2150E333-8FDC-42A3-9474-1A3956D46DE8}") = "messaging", "messaging", "{F2A3B4C5-D6E7-4F8A-9B0C-1D2E3F4A5B6C}"
EndProject
Project("{2150E333-8FDC-42A3-9474-1A3956D46DE8}") = "getting-started", "getting-started", "{A3B4C5D6-E7F8-4A9B-0C1D-2E3F4A5B6C7D}"
EndProject
Project("{2150E333-8FDC-42A3-9474-1A3956D46DE8}") = ".completed", ".completed", "{B4C5D6E7-F8A9-4B0C-1D2E-3F4A5B6C7D8E}"
EndProject
Project("{FAE04EC0-301F-11D3-BF4B-00C04F79EFBC}") = "Conqueror.Recipes.Messaging.GettingStarted", "recipes\messaging\getting-started\.completed\Conqueror.Recipes.Messaging.GettingStarted\Conqueror.Recipes.Messaging.GettingStarted.csproj", "{A1B2C3D4-E5F6-4A5B-8C9D-0E1F2A3B4C5D}"
EndProject
Project("{2150E333-8FDC-42A3-9474-1A3956D46DE8}") = "testing-handlers", "testing-handlers", "{B01154FF-E52A-4E95-A252-A942DBB15C90}"
EndProject
Project("{FAE04EC0-301F-11D3-BF4B-00C04F79EFBC}") = "Conqueror.Recipes.Messaging.TestingHandlers", "recipes\messaging\testing-handlers\Conqueror.Recipes.Messaging.TestingHandlers\Conqueror.Recipes.Messaging.TestingHandlers.csproj", "{326752C0-934D-4585-801F-098C61B023BF}"
EndProject
Project("{2150E333-8FDC-42A3-9474-1A3956D46DE8}") = ".completed", ".completed", "{AE0DDF6C-B672-48B1-9CAD-B571C139C3AF}"
EndProject
Project("{FAE04EC0-301F-11D3-BF4B-00C04F79EFBC}") = "Conqueror.Recipes.Messaging.TestingHandlers", "recipes\messaging\testing-handlers\.completed\Conqueror.Recipes.Messaging.TestingHandlers\Conqueror.Recipes.Messaging.TestingHandlers.csproj", "{E3C7380E-B453-440A-8E00-FC71DF238ECA}"
EndProject
Project("{FAE04EC0-301F-11D3-BF4B-00C04F79EFBC}") = "Conqueror.Recipes.Messaging.TestingHandlers.Tests", "recipes\messaging\testing-handlers\.completed\Conqueror.Recipes.Messaging.TestingHandlers.Tests\Conqueror.Recipes.Messaging.TestingHandlers.Tests.csproj", "{061E5865-5855-4963-9EC6-14DFBF701796}"
EndProject
Project("{2150E333-8FDC-42A3-9474-1A3956D46DE8}") = "clean-architecture", "clean-architecture", "{CC8E15EB-0C80-B615-8E7A-4AC284B681E9}"
EndProject
Project("{2150E333-8FDC-42A3-9474-1A3956D46DE8}") = ".completed", ".completed", "{A0F4862F-9F1E-8C75-F5AE-42C5E09F12E8}"
EndProject
Project("{FAE04EC0-301F-11D3-BF4B-00C04F79EFBC}") = "Conqueror.Recipes.Messaging.CleanArchitecture.Core.Application", "recipes\messaging\clean-architecture\.completed\Conqueror.Recipes.Messaging.CleanArchitecture.Core.Application\Conqueror.Recipes.Messaging.CleanArchitecture.Core.Application.csproj", "{8F7821D8-FF9C-444D-8857-02ABF3143281}"
EndProject
Project("{FAE04EC0-301F-11D3-BF4B-00C04F79EFBC}") = "Conqueror.Recipes.Messaging.CleanArchitecture.Counters.Application", "recipes\messaging\clean-architecture\.completed\Conqueror.Recipes.Messaging.CleanArchitecture.Counters.Application\Conqueror.Recipes.Messaging.CleanArchitecture.Counters.Application.csproj", "{80714C92-BB95-444D-AB8D-E4292331DF17}"
EndProject
Project("{FAE04EC0-301F-11D3-BF4B-00C04F79EFBC}") = "Conqueror.Recipes.Messaging.CleanArchitecture.Counters.Contracts", "recipes\messaging\clean-architecture\.completed\Conqueror.Recipes.Messaging.CleanArchitecture.Counters.Contracts\Conqueror.Recipes.Messaging.CleanArchitecture.Counters.Contracts.csproj", "{B33B7123-2D25-49E9-B8B0-A1D7B09D60F2}"
EndProject
Project("{FAE04EC0-301F-11D3-BF4B-00C04F79EFBC}") = "Conqueror.Recipes.Messaging.CleanArchitecture.UserHistory.Contracts", "recipes\messaging\clean-architecture\.completed\Conqueror.Recipes.Messaging.CleanArchitecture.UserHistory.Contracts\Conqueror.Recipes.Messaging.CleanArchitecture.UserHistory.Contracts.csproj", "{75B0BF66-FC79-4DFD-B71E-714BB13C4937}"
EndProject
Project("{FAE04EC0-301F-11D3-BF4B-00C04F79EFBC}") = "Conqueror.Recipes.Messaging.CleanArchitecture.Counters.Infrastructure", "recipes\messaging\clean-architecture\.completed\Conqueror.Recipes.Messaging.CleanArchitecture.Counters.Infrastructure\Conqueror.Recipes.Messaging.CleanArchitecture.Counters.Infrastructure.csproj", "{04104E7E-8ABA-465C-A5DD-62B4D5566DE1}"
EndProject
Project("{FAE04EC0-301F-11D3-BF4B-00C04F79EFBC}") = "Conqueror.Recipes.Messaging.CleanArchitecture.Counters.Tests", "recipes\messaging\clean-architecture\.completed\Conqueror.Recipes.Messaging.CleanArchitecture.Counters.Tests\Conqueror.Recipes.Messaging.CleanArchitecture.Counters.Tests.csproj", "{AA02B9A1-B074-4874-BE2C-9370D9D623E4}"
EndProject
Project("{FAE04EC0-301F-11D3-BF4B-00C04F79EFBC}") = "Conqueror.Recipes.Messaging.CleanArchitecture.EntryPoint.WebApi", "recipes\messaging\clean-architecture\.completed\Conqueror.Recipes.Messaging.CleanArchitecture.EntryPoint.WebApi\Conqueror.Recipes.Messaging.CleanArchitecture.EntryPoint.WebApi.csproj", "{2AE9D0C6-92F0-42C2-A404-BE266CA7BB32}"
EndProject
Project("{FAE04EC0-301F-11D3-BF4B-00C04F79EFBC}") = "Conqueror.Recipes.Messaging.CleanArchitecture.UserHistory.Application", "recipes\messaging\clean-architecture\.completed\Conqueror.Recipes.Messaging.CleanArchitecture.UserHistory.Application\Conqueror.Recipes.Messaging.CleanArchitecture.UserHistory.Application.csproj", "{17933BCF-BE39-4748-8FB1-7ECBA41566BE}"
EndProject
Project("{FAE04EC0-301F-11D3-BF4B-00C04F79EFBC}") = "Conqueror.Recipes.Messaging.CleanArchitecture.UserHistory.Infrastructure", "recipes\messaging\clean-architecture\.completed\Conqueror.Recipes.Messaging.CleanArchitecture.UserHistory.Infrastructure\Conqueror.Recipes.Messaging.CleanArchitecture.UserHistory.Infrastructure.csproj", "{60BB9525-14CC-446C-B347-6E5CEA3558ED}"
EndProject
Project("{FAE04EC0-301F-11D3-BF4B-00C04F79EFBC}") = "Conqueror.Recipes.Messaging.CleanArchitecture.UserHistory.Tests", "recipes\messaging\clean-architecture\.completed\Conqueror.Recipes.Messaging.CleanArchitecture.UserHistory.Tests\Conqueror.Recipes.Messaging.CleanArchitecture.UserHistory.Tests.csproj", "{63BD3071-DB8D-4D32-A099-D2C8E5814AC2}"
EndProject
Project("{2150E333-8FDC-42A3-9474-1A3956D46DE8}") = ".layers", ".layers", "{98E37F50-8A7D-E9CE-E460-6FDF1782B4D7}"
EndProject
Project("{FAE04EC0-301F-11D3-BF4B-00C04F79EFBC}") = "Conqueror.Recipes.Messaging.CleanArchitecture.Application", "recipes\messaging\clean-architecture\.layers\Conqueror.Recipes.Messaging.CleanArchitecture.Application\Conqueror.Recipes.Messaging.CleanArchitecture.Application.csproj", "{DF7AFBB6-32A2-43EF-A0BB-BA57DF9766FA}"
EndProject
Project("{FAE04EC0-301F-11D3-BF4B-00C04F79EFBC}") = "Conqueror.Recipes.Messaging.CleanArchitecture.EntryPoint.WebApi", "recipes\messaging\clean-architecture\.layers\Conqueror.Recipes.Messaging.CleanArchitecture.EntryPoint.WebApi\Conqueror.Recipes.Messaging.CleanArchitecture.EntryPoint.WebApi.csproj", "{AF73E4F4-1B4E-4917-8BDF-FC8C936BFB1C}"
EndProject
Project("{FAE04EC0-301F-11D3-BF4B-00C04F79EFBC}") = "Conqueror.Recipes.Messaging.CleanArchitecture.Infrastructure", "recipes\messaging\clean-architecture\.layers\Conqueror.Recipes.Messaging.CleanArchitecture.Infrastructure\Conqueror.Recipes.Messaging.CleanArchitecture.Infrastructure.csproj", "{D00C07C9-9553-43DC-B34B-0FA0FE9958B6}"
EndProject
Project("{FAE04EC0-301F-11D3-BF4B-00C04F79EFBC}") = "Conqueror.Recipes.Messaging.CleanArchitecture.Tests", "recipes\messaging\clean-architecture\.layers\Conqueror.Recipes.Messaging.CleanArchitecture.Tests\Conqueror.Recipes.Messaging.CleanArchitecture.Tests.csproj", "{065C5DF3-CC24-4983-877E-BC9A0CC859AC}"
EndProject
Project("{2150E333-8FDC-42A3-9474-1A3956D46DE8}") = ".starting-point", ".starting-point", "{02E8D491-BF10-D096-01FD-47F957B6E705}"
EndProject
Project("{FAE04EC0-301F-11D3-BF4B-00C04F79EFBC}") = "Conqueror.Recipes.Messaging.CleanArchitecture", "recipes\messaging\clean-architecture\.starting-point\Conqueror.Recipes.Messaging.CleanArchitecture\Conqueror.Recipes.Messaging.CleanArchitecture.csproj", "{194307A9-CE47-4ED6-AC36-3CF3847C80E8}"
EndProject
Project("{FAE04EC0-301F-11D3-BF4B-00C04F79EFBC}") = "Conqueror.Recipes.Messaging.CleanArchitecture.Tests", "recipes\messaging\clean-architecture\.starting-point\Conqueror.Recipes.Messaging.CleanArchitecture.Tests\Conqueror.Recipes.Messaging.CleanArchitecture.Tests.csproj", "{C7685868-F491-4BA4-A330-0303F500A0C4}"
EndProject
Project("{2150E333-8FDC-42A3-9474-1A3956D46DE8}") = "monolith-to-distributed", "monolith-to-distributed", "{04FCA2F6-EB27-E668-C5EF-72E380575CB5}"
EndProject
Project("{2150E333-8FDC-42A3-9474-1A3956D46DE8}") = ".completed", ".completed", "{09DC92A8-CE82-6AE0-25EA-60CD2C40B84C}"
EndProject
Project("{FAE04EC0-301F-11D3-BF4B-00C04F79EFBC}") = "Conqueror.Recipes.Messaging.MonolithToDistributed.Core.Application", "recipes\messaging\monolith-to-distributed\.completed\Conqueror.Recipes.Messaging.MonolithToDistributed.Core.Application\Conqueror.Recipes.Messaging.MonolithToDistributed.Core.Application.csproj", "{EB4A2733-CC7F-46C3-AEC1-F227DDFEFEC4}"
EndProject
Project("{FAE04EC0-301F-11D3-BF4B-00C04F79EFBC}") = "Conqueror.Recipes.Messaging.MonolithToDistributed.Counters.Application", "recipes\messaging\monolith-to-distributed\.completed\Conqueror.Recipes.Messaging.MonolithToDistributed.Counters.Application\Conqueror.Recipes.Messaging.MonolithToDistributed.Counters.Application.csproj", "{A3F02198-86B4-4CDD-8557-FB7515AB22E2}"
EndProject
Project("{FAE04EC0-301F-11D3-BF4B-00C04F79EFBC}") = "Conqueror.Recipes.Messaging.MonolithToDistributed.Counters.Contracts", "recipes\messaging\monolith-to-distributed\.completed\Conqueror.Recipes.Messaging.MonolithToDistributed.Counters.Contracts\Conqueror.Recipes.Messaging.MonolithToDistributed.Counters.Contracts.csproj", "{5DF644B3-0A7E-4B3C-85C9-10B55D6585C5}"
EndProject
Project("{FAE04EC0-301F-11D3-BF4B-00C04F79EFBC}") = "Conqueror.Recipes.Messaging.MonolithToDistributed.UserHistory.Contracts", "recipes\messaging\monolith-to-distributed\.completed\Conqueror.Recipes.Messaging.MonolithToDistributed.UserHistory.Contracts\Conqueror.Recipes.Messaging.MonolithToDistributed.UserHistory.Contracts.csproj", "{9F1EE881-2541-42B2-8F24-D14CAF7816E8}"
EndProject
Project("{FAE04EC0-301F-11D3-BF4B-00C04F79EFBC}") = "Conqueror.Recipes.Messaging.MonolithToDistributed.Counters.EntryPoint.WebApi", "recipes\messaging\monolith-to-distributed\.completed\Conqueror.Recipes.Messaging.MonolithToDistributed.Counters.EntryPoint.WebApi\Conqueror.Recipes.Messaging.MonolithToDistributed.Counters.EntryPoint.WebApi.csproj", "{ABC1FAD7-932C-42B5-81FF-F08C099964E7}"
EndProject
Project("{FAE04EC0-301F-11D3-BF4B-00C04F79EFBC}") = "Conqueror.Recipes.Messaging.MonolithToDistributed.Counters.Infrastructure", "recipes\messaging\monolith-to-distributed\.completed\Conqueror.Recipes.Messaging.MonolithToDistributed.Counters.Infrastructure\Conqueror.Recipes.Messaging.MonolithToDistributed.Counters.Infrastructure.csproj", "{9B460429-E9BB-4D4A-8C7C-EB1DE79955A8}"
EndProject
Project("{FAE04EC0-301F-11D3-BF4B-00C04F79EFBC}") = "Conqueror.Recipes.Messaging.MonolithToDistributed.Counters.Tests", "recipes\messaging\monolith-to-distributed\.completed\Conqueror.Recipes.Messaging.MonolithToDistributed.Counters.Tests\Conqueror.Recipes.Messaging.MonolithToDistributed.Counters.Tests.csproj", "{6D09153C-D4E8-42F2-9A51-212A11B20C53}"
EndProject
Project("{FAE04EC0-301F-11D3-BF4B-00C04F79EFBC}") = "Conqueror.Recipes.Messaging.MonolithToDistributed.UserHistory.EntryPoint.WebApi", "recipes\messaging\monolith-to-distributed\.completed\Conqueror.Recipes.Messaging.MonolithToDistributed.UserHistory.EntryPoint.WebApi\Conqueror.Recipes.Messaging.MonolithToDistributed.UserHistory.EntryPoint.WebApi.csproj", "{FC2A0ADE-2E5B-4EF7-9EB9-2C8127A1847F}"
EndProject
Project("{FAE04EC0-301F-11D3-BF4B-00C04F79EFBC}") = "Conqueror.Recipes.Messaging.MonolithToDistributed.UserHistory.Application", "recipes\messaging\monolith-to-distributed\.completed\Conqueror.Recipes.Messaging.MonolithToDistributed.UserHistory.Application\Conqueror.Recipes.Messaging.MonolithToDistributed.UserHistory.Application.csproj", "{07F137D5-6C80-48AF-97BE-981B58A6886C}"
EndProject
Project("{FAE04EC0-301F-11D3-BF4B-00C04F79EFBC}") = "Conqueror.Recipes.Messaging.MonolithToDistributed.UserHistory.Infrastructure", "recipes\messaging\monolith-to-distributed\.completed\Conqueror.Recipes.Messaging.MonolithToDistributed.UserHistory.Infrastructure\Conqueror.Recipes.Messaging.MonolithToDistributed.UserHistory.Infrastructure.csproj", "{9CAF5C91-2287-4A77-A536-A6ED05D357EA}"
EndProject
Project("{FAE04EC0-301F-11D3-BF4B-00C04F79EFBC}") = "Conqueror.Recipes.Messaging.MonolithToDistributed.UserHistory.Tests", "recipes\messaging\monolith-to-distributed\.completed\Conqueror.Recipes.Messaging.MonolithToDistributed.UserHistory.Tests\Conqueror.Recipes.Messaging.MonolithToDistributed.UserHistory.Tests.csproj", "{9F171937-3E5F-439F-BBF9-F319B650CF1E}"
EndProject
Project("{FAE04EC0-301F-11D3-BF4B-00C04F79EFBC}") = "Conqueror.Recipes.Messaging.MonolithToDistributed.Core.Application", "recipes\messaging\monolith-to-distributed\Conqueror.Recipes.Messaging.MonolithToDistributed.Core.Application\Conqueror.Recipes.Messaging.MonolithToDistributed.Core.Application.csproj", "{0E6C3FDF-0702-4A42-B2F3-E0CACDA2188B}"
EndProject
Project("{FAE04EC0-301F-11D3-BF4B-00C04F79EFBC}") = "Conqueror.Recipes.Messaging.MonolithToDistributed.Counters.Application", "recipes\messaging\monolith-to-distributed\Conqueror.Recipes.Messaging.MonolithToDistributed.Counters.Application\Conqueror.Recipes.Messaging.MonolithToDistributed.Counters.Application.csproj", "{27415EB6-4318-4F3D-8BAA-A3DB3E0F8D98}"
EndProject
Project("{FAE04EC0-301F-11D3-BF4B-00C04F79EFBC}") = "Conqueror.Recipes.Messaging.MonolithToDistributed.Counters.Contracts", "recipes\messaging\monolith-to-distributed\Conqueror.Recipes.Messaging.MonolithToDistributed.Counters.Contracts\Conqueror.Recipes.Messaging.MonolithToDistributed.Counters.Contracts.csproj", "{D69BEC28-893E-4B7B-BED3-ADBEE7C1831D}"
EndProject
Project("{FAE04EC0-301F-11D3-BF4B-00C04F79EFBC}") = "Conqueror.Recipes.Messaging.MonolithToDistributed.UserHistory.Contracts", "recipes\messaging\monolith-to-distributed\Conqueror.Recipes.Messaging.MonolithToDistributed.UserHistory.Contracts\Conqueror.Recipes.Messaging.MonolithToDistributed.UserHistory.Contracts.csproj", "{32DC9BE6-5BBB-46BC-A7B8-CD397FBC9678}"
EndProject
Project("{FAE04EC0-301F-11D3-BF4B-00C04F79EFBC}") = "Conqueror.Recipes.Messaging.MonolithToDistributed.Counters.EntryPoint.WebApi", "recipes\messaging\monolith-to-distributed\Conqueror.Recipes.Messaging.MonolithToDistributed.Counters.EntryPoint.WebApi\Conqueror.Recipes.Messaging.MonolithToDistributed.Counters.EntryPoint.WebApi.csproj", "{69A4D37C-27C3-4D6D-A6DE-ADC5EEB69249}"
EndProject
Project("{FAE04EC0-301F-11D3-BF4B-00C04F79EFBC}") = "Conqueror.Recipes.Messaging.MonolithToDistributed.Counters.Infrastructure", "recipes\messaging\monolith-to-distributed\Conqueror.Recipes.Messaging.MonolithToDistributed.Counters.Infrastructure\Conqueror.Recipes.Messaging.MonolithToDistributed.Counters.Infrastructure.csproj", "{7E406252-5803-4755-87C7-D159BFA09D3A}"
EndProject
Project("{FAE04EC0-301F-11D3-BF4B-00C04F79EFBC}") = "Conqueror.Recipes.Messaging.MonolithToDistributed.Counters.Tests", "recipes\messaging\monolith-to-distributed\Conqueror.Recipes.Messaging.MonolithToDistributed.Counters.Tests\Conqueror.Recipes.Messaging.MonolithToDistributed.Counters.Tests.csproj", "{0CD75F14-E5AB-43F9-8ACD-BB506655317D}"
EndProject
Project("{FAE04EC0-301F-11D3-BF4B-00C04F79EFBC}") = "Conqueror.Recipes.Messaging.MonolithToDistributed.EntryPoint.WebApi", "recipes\messaging\monolith-to-distributed\Conqueror.Recipes.Messaging.MonolithToDistributed.EntryPoint.WebApi\Conqueror.Recipes.Messaging.MonolithToDistributed.EntryPoint.WebApi.csproj", "{097245E7-DABF-4894-8DF0-0AD83E27A4C9}"
EndProject
Project("{FAE04EC0-301F-11D3-BF4B-00C04F79EFBC}") = "Conqueror.Recipes.Messaging.MonolithToDistributed.UserHistory.Application", "recipes\messaging\monolith-to-distributed\Conqueror.Recipes.Messaging.MonolithToDistributed.UserHistory.Application\Conqueror.Recipes.Messaging.MonolithToDistributed.UserHistory.Application.csproj", "{ECDA84B7-0AB6-4E68-9188-B6A3C1349BC1}"
EndProject
Project("{FAE04EC0-301F-11D3-BF4B-00C04F79EFBC}") = "Conqueror.Recipes.Messaging.MonolithToDistributed.UserHistory.Infrastructure", "recipes\messaging\monolith-to-distributed\Conqueror.Recipes.Messaging.MonolithToDistributed.UserHistory.Infrastructure\Conqueror.Recipes.Messaging.MonolithToDistributed.UserHistory.Infrastructure.csproj", "{4F49E10F-2247-4F73-A25E-21BEBDFCC97E}"
EndProject
Project("{FAE04EC0-301F-11D3-BF4B-00C04F79EFBC}") = "Conqueror.Recipes.Messaging.MonolithToDistributed.UserHistory.EntryPoint.WebApi", "recipes\messaging\monolith-to-distributed\Conqueror.Recipes.Messaging.MonolithToDistributed.UserHistory.EntryPoint.WebApi\Conqueror.Recipes.Messaging.MonolithToDistributed.UserHistory.EntryPoint.WebApi.csproj", "{600E1D74-C9BD-4813-B29B-B4D48CF07C47}"
EndProject
Project("{FAE04EC0-301F-11D3-BF4B-00C04F79EFBC}") = "Conqueror.Recipes.Messaging.MonolithToDistributed.UserHistory.Tests", "recipes\messaging\monolith-to-distributed\Conqueror.Recipes.Messaging.MonolithToDistributed.UserHistory.Tests\Conqueror.Recipes.Messaging.MonolithToDistributed.UserHistory.Tests.csproj", "{01BA8F11-7DD0-4CD5-9115-4B2A255CC114}"
EndProject
Project("{2150E333-8FDC-42A3-9474-1A3956D46DE8}") = "solving-cross-cutting-concerns", "solving-cross-cutting-concerns", "{9D313E10-07A5-79CE-3D3C-39F2B49D3F79}"
EndProject
Project("{2150E333-8FDC-42A3-9474-1A3956D46DE8}") = ".completed", ".completed", "{C61D2843-DF1D-F4E3-C431-019E0E852E53}"
EndProject
Project("{FAE04EC0-301F-11D3-BF4B-00C04F79EFBC}") = "Conqueror.Recipes.Messaging.SolvingCrossCuttingConcerns", "recipes\messaging\solving-cross-cutting-concerns\.completed\Conqueror.Recipes.Messaging.SolvingCrossCuttingConcerns\Conqueror.Recipes.Messaging.SolvingCrossCuttingConcerns.csproj", "{7AC8B695-1DD3-4511-A1F6-478EA2B0A0F8}"
EndProject
Project("{FAE04EC0-301F-11D3-BF4B-00C04F79EFBC}") = "Conqueror.Recipes.Messaging.SolvingCrossCuttingConcerns", "recipes\messaging\solving-cross-cutting-concerns\Conqueror.Recipes.Messaging.SolvingCrossCuttingConcerns\Conqueror.Recipes.Messaging.SolvingCrossCuttingConcerns.csproj", "{27B8B2EA-8665-4F92-8682-DA4F6015A1F8}"
EndProject
Project("{2150E333-8FDC-42A3-9474-1A3956D46DE8}") = "testing-middlewares", "testing-middlewares", "{EEB0E54B-7885-B919-F002-19669AC947F0}"
EndProject
Project("{2150E333-8FDC-42A3-9474-1A3956D46DE8}") = ".completed", ".completed", "{C25EF3E6-9980-C544-908B-67228B1AF6E6}"
EndProject
Project("{FAE04EC0-301F-11D3-BF4B-00C04F79EFBC}") = "Conqueror.Recipes.Messaging.TestingMiddlewares", "recipes\messaging\testing-middlewares\.completed\Conqueror.Recipes.Messaging.TestingMiddlewares\Conqueror.Recipes.Messaging.TestingMiddlewares.csproj", "{A253BE61-8A68-4BF2-BB4C-B42F622B7151}"
EndProject
Project("{FAE04EC0-301F-11D3-BF4B-00C04F79EFBC}") = "Conqueror.Recipes.Messaging.TestingMiddlewares.Tests", "recipes\messaging\testing-middlewares\.completed\Conqueror.Recipes.Messaging.TestingMiddlewares.Tests\Conqueror.Recipes.Messaging.TestingMiddlewares.Tests.csproj", "{92DBF2C7-DC98-4BBD-A4DD-0AEF3B6F64B8}"
EndProject
Project("{FAE04EC0-301F-11D3-BF4B-00C04F79EFBC}") = "Conqueror.Recipes.Messaging.TestingMiddlewares", "recipes\messaging\testing-middlewares\Conqueror.Recipes.Messaging.TestingMiddlewares\Conqueror.Recipes.Messaging.TestingMiddlewares.csproj", "{80691E24-0A2B-46F9-B6E3-AE7B23D80DCF}"
EndProject
Project("{FAE04EC0-301F-11D3-BF4B-00C04F79EFBC}") = "Conqueror.Recipes.Messaging.TestingMiddlewares.Tests", "recipes\messaging\testing-middlewares\Conqueror.Recipes.Messaging.TestingMiddlewares.Tests\Conqueror.Recipes.Messaging.TestingMiddlewares.Tests.csproj", "{81B573D8-37CC-4B0D-98C3-ED2117AEF176}"
EndProject
Project("{2150E333-8FDC-42A3-9474-1A3956D46DE8}") = "signalling", "signalling", "{3BF2D25C-0C2D-21B8-D503-24C698CE0621}"
EndProject
Project("{2150E333-8FDC-42A3-9474-1A3956D46DE8}") = "getting-started", "getting-started", "{6E5C0524-5132-0CFC-9C57-5F8FA5F80FC8}"
EndProject
Project("{2150E333-8FDC-42A3-9474-1A3956D46DE8}") = ".completed", ".completed", "{04536217-308A-1321-270B-17A2D8E2D547}"
EndProject
Project("{FAE04EC0-301F-11D3-BF4B-00C04F79EFBC}") = "Conqueror.Recipes.Signalling.GettingStarted", "recipes\signalling\getting-started\.completed\Conqueror.Recipes.Signalling.GettingStarted\Conqueror.Recipes.Signalling.GettingStarted.csproj", "{DF1F149B-DC9B-4E9C-8141-BA7EE1693B96}"
EndProject
Project("{2150E333-8FDC-42A3-9474-1A3956D46DE8}") = "testing-handlers", "testing-handlers", "{E8252459-65BA-4957-B475-23C1EB1DD0EE}"
EndProject
Project("{FAE04EC0-301F-11D3-BF4B-00C04F79EFBC}") = "Conqueror.Recipes.Signalling.TestingHandlers", "recipes\signalling\testing-handlers\Conqueror.Recipes.Signalling.TestingHandlers\Conqueror.Recipes.Signalling.TestingHandlers.csproj", "{0A677189-3863-429C-A821-19C264966243}"
EndProject
Project("{2150E333-8FDC-42A3-9474-1A3956D46DE8}") = ".completed", ".completed", "{B4D8A5AF-887C-4280-9C4A-3451337B212F}"
EndProject
Project("{FAE04EC0-301F-11D3-BF4B-00C04F79EFBC}") = "Conqueror.Recipes.Signalling.TestingHandlers", "recipes\signalling\testing-handlers\.completed\Conqueror.Recipes.Signalling.TestingHandlers\Conqueror.Recipes.Signalling.TestingHandlers.csproj", "{E4890550-EF10-4887-8732-AE65C9F8CAEC}"
EndProject
Project("{FAE04EC0-301F-11D3-BF4B-00C04F79EFBC}") = "Conqueror.Recipes.Signalling.TestingHandlers.Tests", "recipes\signalling\testing-handlers\.completed\Conqueror.Recipes.Signalling.TestingHandlers.Tests\Conqueror.Recipes.Signalling.TestingHandlers.Tests.csproj", "{1333C9B8-0EAC-47D1-808C-B3CE851B4E78}"
EndProject
Project("{2150E333-8FDC-42A3-9474-1A3956D46DE8}") = "iterating", "iterating", "{599F821B-8620-88D8-0483-1806F25E75AE}"
EndProject
Project("{2150E333-8FDC-42A3-9474-1A3956D46DE8}") = "getting-started", "getting-started", "{61ADAB6B-BC15-B75A-630E-9D9B97953287}"
EndProject
Project("{2150E333-8FDC-42A3-9474-1A3956D46DE8}") = ".completed", ".completed", "{9F9A84C1-22DB-997E-5B97-6D3B8DBF5872}"
EndProject
Project("{FAE04EC0-301F-11D3-BF4B-00C04F79EFBC}") = "Conqueror.Recipes.Iterating.GettingStarted", "recipes\iterating\getting-started\.completed\Conqueror.Recipes.Iterating.GettingStarted\Conqueror.Recipes.Iterating.GettingStarted.csproj", "{221280B7-22B5-4A5F-B202-8483E715AD52}"
EndProject
Global
	GlobalSection(SolutionConfigurationPlatforms) = preSolution
		Debug|Any CPU = Debug|Any CPU
		Debug|x64 = Debug|x64
		Debug|x86 = Debug|x86
		Release|Any CPU = Release|Any CPU
		Release|x64 = Release|x64
		Release|x86 = Release|x86
	EndGlobalSection
	GlobalSection(ProjectConfigurationPlatforms) = postSolution
		{D3CE8DA2-C89E-4349-AE91-C1A3612B5AA9}.Debug|Any CPU.ActiveCfg = Debug|Any CPU
		{D3CE8DA2-C89E-4349-AE91-C1A3612B5AA9}.Debug|Any CPU.Build.0 = Debug|Any CPU
		{D3CE8DA2-C89E-4349-AE91-C1A3612B5AA9}.Debug|x64.ActiveCfg = Debug|Any CPU
		{D3CE8DA2-C89E-4349-AE91-C1A3612B5AA9}.Debug|x64.Build.0 = Debug|Any CPU
		{D3CE8DA2-C89E-4349-AE91-C1A3612B5AA9}.Debug|x86.ActiveCfg = Debug|Any CPU
		{D3CE8DA2-C89E-4349-AE91-C1A3612B5AA9}.Debug|x86.Build.0 = Debug|Any CPU
		{D3CE8DA2-C89E-4349-AE91-C1A3612B5AA9}.Release|Any CPU.ActiveCfg = Release|Any CPU
		{D3CE8DA2-C89E-4349-AE91-C1A3612B5AA9}.Release|Any CPU.Build.0 = Release|Any CPU
		{D3CE8DA2-C89E-4349-AE91-C1A3612B5AA9}.Release|x64.ActiveCfg = Release|Any CPU
		{D3CE8DA2-C89E-4349-AE91-C1A3612B5AA9}.Release|x64.Build.0 = Release|Any CPU
		{D3CE8DA2-C89E-4349-AE91-C1A3612B5AA9}.Release|x86.ActiveCfg = Release|Any CPU
		{D3CE8DA2-C89E-4349-AE91-C1A3612B5AA9}.Release|x86.Build.0 = Release|Any CPU
		{181F31BA-9333-4D5B-9AFD-F42842ABBCB1}.Debug|Any CPU.ActiveCfg = Debug|Any CPU
		{181F31BA-9333-4D5B-9AFD-F42842ABBCB1}.Debug|Any CPU.Build.0 = Debug|Any CPU
		{181F31BA-9333-4D5B-9AFD-F42842ABBCB1}.Debug|x64.ActiveCfg = Debug|Any CPU
		{181F31BA-9333-4D5B-9AFD-F42842ABBCB1}.Debug|x64.Build.0 = Debug|Any CPU
		{181F31BA-9333-4D5B-9AFD-F42842ABBCB1}.Debug|x86.ActiveCfg = Debug|Any CPU
		{181F31BA-9333-4D5B-9AFD-F42842ABBCB1}.Debug|x86.Build.0 = Debug|Any CPU
		{181F31BA-9333-4D5B-9AFD-F42842ABBCB1}.Release|Any CPU.ActiveCfg = Release|Any CPU
		{181F31BA-9333-4D5B-9AFD-F42842ABBCB1}.Release|Any CPU.Build.0 = Release|Any CPU
		{181F31BA-9333-4D5B-9AFD-F42842ABBCB1}.Release|x64.ActiveCfg = Release|Any CPU
		{181F31BA-9333-4D5B-9AFD-F42842ABBCB1}.Release|x64.Build.0 = Release|Any CPU
		{181F31BA-9333-4D5B-9AFD-F42842ABBCB1}.Release|x86.ActiveCfg = Release|Any CPU
		{181F31BA-9333-4D5B-9AFD-F42842ABBCB1}.Release|x86.Build.0 = Release|Any CPU
		{5497AEC8-30C6-424E-A106-98CED3385B2A}.Debug|Any CPU.ActiveCfg = Debug|Any CPU
		{5497AEC8-30C6-424E-A106-98CED3385B2A}.Debug|Any CPU.Build.0 = Debug|Any CPU
		{5497AEC8-30C6-424E-A106-98CED3385B2A}.Debug|x64.ActiveCfg = Debug|Any CPU
		{5497AEC8-30C6-424E-A106-98CED3385B2A}.Debug|x64.Build.0 = Debug|Any CPU
		{5497AEC8-30C6-424E-A106-98CED3385B2A}.Debug|x86.ActiveCfg = Debug|Any CPU
		{5497AEC8-30C6-424E-A106-98CED3385B2A}.Debug|x86.Build.0 = Debug|Any CPU
		{5497AEC8-30C6-424E-A106-98CED3385B2A}.Release|Any CPU.ActiveCfg = Release|Any CPU
		{5497AEC8-30C6-424E-A106-98CED3385B2A}.Release|Any CPU.Build.0 = Release|Any CPU
		{5497AEC8-30C6-424E-A106-98CED3385B2A}.Release|x64.ActiveCfg = Release|Any CPU
		{5497AEC8-30C6-424E-A106-98CED3385B2A}.Release|x64.Build.0 = Release|Any CPU
		{5497AEC8-30C6-424E-A106-98CED3385B2A}.Release|x86.ActiveCfg = Release|Any CPU
		{5497AEC8-30C6-424E-A106-98CED3385B2A}.Release|x86.Build.0 = Release|Any CPU
		{3789D83D-035A-4F1B-9DD6-BF193FF074A0}.Debug|Any CPU.ActiveCfg = Debug|Any CPU
		{3789D83D-035A-4F1B-9DD6-BF193FF074A0}.Debug|Any CPU.Build.0 = Debug|Any CPU
		{3789D83D-035A-4F1B-9DD6-BF193FF074A0}.Debug|x64.ActiveCfg = Debug|Any CPU
		{3789D83D-035A-4F1B-9DD6-BF193FF074A0}.Debug|x64.Build.0 = Debug|Any CPU
		{3789D83D-035A-4F1B-9DD6-BF193FF074A0}.Debug|x86.ActiveCfg = Debug|Any CPU
		{3789D83D-035A-4F1B-9DD6-BF193FF074A0}.Debug|x86.Build.0 = Debug|Any CPU
		{3789D83D-035A-4F1B-9DD6-BF193FF074A0}.Release|Any CPU.ActiveCfg = Release|Any CPU
		{3789D83D-035A-4F1B-9DD6-BF193FF074A0}.Release|Any CPU.Build.0 = Release|Any CPU
		{3789D83D-035A-4F1B-9DD6-BF193FF074A0}.Release|x64.ActiveCfg = Release|Any CPU
		{3789D83D-035A-4F1B-9DD6-BF193FF074A0}.Release|x64.Build.0 = Release|Any CPU
		{3789D83D-035A-4F1B-9DD6-BF193FF074A0}.Release|x86.ActiveCfg = Release|Any CPU
		{3789D83D-035A-4F1B-9DD6-BF193FF074A0}.Release|x86.Build.0 = Release|Any CPU
		{F10A535D-7FEE-42A6-BAA7-A43FA3AAED4E}.Debug|Any CPU.ActiveCfg = Debug|Any CPU
		{F10A535D-7FEE-42A6-BAA7-A43FA3AAED4E}.Debug|Any CPU.Build.0 = Debug|Any CPU
		{F10A535D-7FEE-42A6-BAA7-A43FA3AAED4E}.Debug|x64.ActiveCfg = Debug|Any CPU
		{F10A535D-7FEE-42A6-BAA7-A43FA3AAED4E}.Debug|x64.Build.0 = Debug|Any CPU
		{F10A535D-7FEE-42A6-BAA7-A43FA3AAED4E}.Debug|x86.ActiveCfg = Debug|Any CPU
		{F10A535D-7FEE-42A6-BAA7-A43FA3AAED4E}.Debug|x86.Build.0 = Debug|Any CPU
		{F10A535D-7FEE-42A6-BAA7-A43FA3AAED4E}.Release|Any CPU.ActiveCfg = Release|Any CPU
		{F10A535D-7FEE-42A6-BAA7-A43FA3AAED4E}.Release|Any CPU.Build.0 = Release|Any CPU
		{F10A535D-7FEE-42A6-BAA7-A43FA3AAED4E}.Release|x64.ActiveCfg = Release|Any CPU
		{F10A535D-7FEE-42A6-BAA7-A43FA3AAED4E}.Release|x64.Build.0 = Release|Any CPU
		{F10A535D-7FEE-42A6-BAA7-A43FA3AAED4E}.Release|x86.ActiveCfg = Release|Any CPU
		{F10A535D-7FEE-42A6-BAA7-A43FA3AAED4E}.Release|x86.Build.0 = Release|Any CPU
		{C8EB9C13-A56D-4A51-9DEC-97EB8EC55EFE}.Debug|Any CPU.ActiveCfg = Debug|Any CPU
		{C8EB9C13-A56D-4A51-9DEC-97EB8EC55EFE}.Debug|Any CPU.Build.0 = Debug|Any CPU
		{C8EB9C13-A56D-4A51-9DEC-97EB8EC55EFE}.Debug|x64.ActiveCfg = Debug|Any CPU
		{C8EB9C13-A56D-4A51-9DEC-97EB8EC55EFE}.Debug|x64.Build.0 = Debug|Any CPU
		{C8EB9C13-A56D-4A51-9DEC-97EB8EC55EFE}.Debug|x86.ActiveCfg = Debug|Any CPU
		{C8EB9C13-A56D-4A51-9DEC-97EB8EC55EFE}.Debug|x86.Build.0 = Debug|Any CPU
		{C8EB9C13-A56D-4A51-9DEC-97EB8EC55EFE}.Release|Any CPU.ActiveCfg = Release|Any CPU
		{C8EB9C13-A56D-4A51-9DEC-97EB8EC55EFE}.Release|Any CPU.Build.0 = Release|Any CPU
		{C8EB9C13-A56D-4A51-9DEC-97EB8EC55EFE}.Release|x64.ActiveCfg = Release|Any CPU
		{C8EB9C13-A56D-4A51-9DEC-97EB8EC55EFE}.Release|x64.Build.0 = Release|Any CPU
		{C8EB9C13-A56D-4A51-9DEC-97EB8EC55EFE}.Release|x86.ActiveCfg = Release|Any CPU
		{C8EB9C13-A56D-4A51-9DEC-97EB8EC55EFE}.Release|x86.Build.0 = Release|Any CPU
		{90DEE6BC-8240-4B50-A406-49A0DC9F3FA0}.Debug|Any CPU.ActiveCfg = Debug|Any CPU
		{90DEE6BC-8240-4B50-A406-49A0DC9F3FA0}.Debug|Any CPU.Build.0 = Debug|Any CPU
		{90DEE6BC-8240-4B50-A406-49A0DC9F3FA0}.Debug|x64.ActiveCfg = Debug|Any CPU
		{90DEE6BC-8240-4B50-A406-49A0DC9F3FA0}.Debug|x64.Build.0 = Debug|Any CPU
		{90DEE6BC-8240-4B50-A406-49A0DC9F3FA0}.Debug|x86.ActiveCfg = Debug|Any CPU
		{90DEE6BC-8240-4B50-A406-49A0DC9F3FA0}.Debug|x86.Build.0 = Debug|Any CPU
		{90DEE6BC-8240-4B50-A406-49A0DC9F3FA0}.Release|Any CPU.ActiveCfg = Release|Any CPU
		{90DEE6BC-8240-4B50-A406-49A0DC9F3FA0}.Release|Any CPU.Build.0 = Release|Any CPU
		{90DEE6BC-8240-4B50-A406-49A0DC9F3FA0}.Release|x64.ActiveCfg = Release|Any CPU
		{90DEE6BC-8240-4B50-A406-49A0DC9F3FA0}.Release|x64.Build.0 = Release|Any CPU
		{90DEE6BC-8240-4B50-A406-49A0DC9F3FA0}.Release|x86.ActiveCfg = Release|Any CPU
		{90DEE6BC-8240-4B50-A406-49A0DC9F3FA0}.Release|x86.Build.0 = Release|Any CPU
		{A1B2C3D4-E5F6-4A5B-8C9D-0E1F2A3B4C5D}.Debug|Any CPU.ActiveCfg = Debug|Any CPU
		{A1B2C3D4-E5F6-4A5B-8C9D-0E1F2A3B4C5D}.Debug|Any CPU.Build.0 = Debug|Any CPU
		{A1B2C3D4-E5F6-4A5B-8C9D-0E1F2A3B4C5D}.Debug|x64.ActiveCfg = Debug|Any CPU
		{A1B2C3D4-E5F6-4A5B-8C9D-0E1F2A3B4C5D}.Debug|x64.Build.0 = Debug|Any CPU
		{A1B2C3D4-E5F6-4A5B-8C9D-0E1F2A3B4C5D}.Debug|x86.ActiveCfg = Debug|Any CPU
		{A1B2C3D4-E5F6-4A5B-8C9D-0E1F2A3B4C5D}.Debug|x86.Build.0 = Debug|Any CPU
		{A1B2C3D4-E5F6-4A5B-8C9D-0E1F2A3B4C5D}.Release|Any CPU.ActiveCfg = Release|Any CPU
		{A1B2C3D4-E5F6-4A5B-8C9D-0E1F2A3B4C5D}.Release|Any CPU.Build.0 = Release|Any CPU
		{A1B2C3D4-E5F6-4A5B-8C9D-0E1F2A3B4C5D}.Release|x64.ActiveCfg = Release|Any CPU
		{A1B2C3D4-E5F6-4A5B-8C9D-0E1F2A3B4C5D}.Release|x64.Build.0 = Release|Any CPU
		{A1B2C3D4-E5F6-4A5B-8C9D-0E1F2A3B4C5D}.Release|x86.ActiveCfg = Release|Any CPU
		{A1B2C3D4-E5F6-4A5B-8C9D-0E1F2A3B4C5D}.Release|x86.Build.0 = Release|Any CPU
		{326752C0-934D-4585-801F-098C61B023BF}.Debug|Any CPU.ActiveCfg = Debug|Any CPU
		{326752C0-934D-4585-801F-098C61B023BF}.Debug|Any CPU.Build.0 = Debug|Any CPU
		{326752C0-934D-4585-801F-098C61B023BF}.Debug|x64.ActiveCfg = Debug|Any CPU
		{326752C0-934D-4585-801F-098C61B023BF}.Debug|x64.Build.0 = Debug|Any CPU
		{326752C0-934D-4585-801F-098C61B023BF}.Debug|x86.ActiveCfg = Debug|Any CPU
		{326752C0-934D-4585-801F-098C61B023BF}.Debug|x86.Build.0 = Debug|Any CPU
		{326752C0-934D-4585-801F-098C61B023BF}.Release|Any CPU.ActiveCfg = Release|Any CPU
		{326752C0-934D-4585-801F-098C61B023BF}.Release|Any CPU.Build.0 = Release|Any CPU
		{326752C0-934D-4585-801F-098C61B023BF}.Release|x64.ActiveCfg = Release|Any CPU
		{326752C0-934D-4585-801F-098C61B023BF}.Release|x64.Build.0 = Release|Any CPU
		{326752C0-934D-4585-801F-098C61B023BF}.Release|x86.ActiveCfg = Release|Any CPU
		{326752C0-934D-4585-801F-098C61B023BF}.Release|x86.Build.0 = Release|Any CPU
		{E3C7380E-B453-440A-8E00-FC71DF238ECA}.Debug|Any CPU.ActiveCfg = Debug|Any CPU
		{E3C7380E-B453-440A-8E00-FC71DF238ECA}.Debug|Any CPU.Build.0 = Debug|Any CPU
		{E3C7380E-B453-440A-8E00-FC71DF238ECA}.Debug|x64.ActiveCfg = Debug|Any CPU
		{E3C7380E-B453-440A-8E00-FC71DF238ECA}.Debug|x64.Build.0 = Debug|Any CPU
		{E3C7380E-B453-440A-8E00-FC71DF238ECA}.Debug|x86.ActiveCfg = Debug|Any CPU
		{E3C7380E-B453-440A-8E00-FC71DF238ECA}.Debug|x86.Build.0 = Debug|Any CPU
		{E3C7380E-B453-440A-8E00-FC71DF238ECA}.Release|Any CPU.ActiveCfg = Release|Any CPU
		{E3C7380E-B453-440A-8E00-FC71DF238ECA}.Release|Any CPU.Build.0 = Release|Any CPU
		{E3C7380E-B453-440A-8E00-FC71DF238ECA}.Release|x64.ActiveCfg = Release|Any CPU
		{E3C7380E-B453-440A-8E00-FC71DF238ECA}.Release|x64.Build.0 = Release|Any CPU
		{E3C7380E-B453-440A-8E00-FC71DF238ECA}.Release|x86.ActiveCfg = Release|Any CPU
		{E3C7380E-B453-440A-8E00-FC71DF238ECA}.Release|x86.Build.0 = Release|Any CPU
		{061E5865-5855-4963-9EC6-14DFBF701796}.Debug|Any CPU.ActiveCfg = Debug|Any CPU
		{061E5865-5855-4963-9EC6-14DFBF701796}.Debug|Any CPU.Build.0 = Debug|Any CPU
		{061E5865-5855-4963-9EC6-14DFBF701796}.Debug|x64.ActiveCfg = Debug|Any CPU
		{061E5865-5855-4963-9EC6-14DFBF701796}.Debug|x64.Build.0 = Debug|Any CPU
		{061E5865-5855-4963-9EC6-14DFBF701796}.Debug|x86.ActiveCfg = Debug|Any CPU
		{061E5865-5855-4963-9EC6-14DFBF701796}.Debug|x86.Build.0 = Debug|Any CPU
		{061E5865-5855-4963-9EC6-14DFBF701796}.Release|Any CPU.ActiveCfg = Release|Any CPU
		{061E5865-5855-4963-9EC6-14DFBF701796}.Release|Any CPU.Build.0 = Release|Any CPU
		{061E5865-5855-4963-9EC6-14DFBF701796}.Release|x64.ActiveCfg = Release|Any CPU
		{061E5865-5855-4963-9EC6-14DFBF701796}.Release|x64.Build.0 = Release|Any CPU
		{061E5865-5855-4963-9EC6-14DFBF701796}.Release|x86.ActiveCfg = Release|Any CPU
		{061E5865-5855-4963-9EC6-14DFBF701796}.Release|x86.Build.0 = Release|Any CPU
		{8F7821D8-FF9C-444D-8857-02ABF3143281}.Debug|Any CPU.ActiveCfg = Debug|Any CPU
		{8F7821D8-FF9C-444D-8857-02ABF3143281}.Debug|Any CPU.Build.0 = Debug|Any CPU
		{8F7821D8-FF9C-444D-8857-02ABF3143281}.Debug|x64.ActiveCfg = Debug|Any CPU
		{8F7821D8-FF9C-444D-8857-02ABF3143281}.Debug|x64.Build.0 = Debug|Any CPU
		{8F7821D8-FF9C-444D-8857-02ABF3143281}.Debug|x86.ActiveCfg = Debug|Any CPU
		{8F7821D8-FF9C-444D-8857-02ABF3143281}.Debug|x86.Build.0 = Debug|Any CPU
		{8F7821D8-FF9C-444D-8857-02ABF3143281}.Release|Any CPU.ActiveCfg = Release|Any CPU
		{8F7821D8-FF9C-444D-8857-02ABF3143281}.Release|Any CPU.Build.0 = Release|Any CPU
		{8F7821D8-FF9C-444D-8857-02ABF3143281}.Release|x64.ActiveCfg = Release|Any CPU
		{8F7821D8-FF9C-444D-8857-02ABF3143281}.Release|x64.Build.0 = Release|Any CPU
		{8F7821D8-FF9C-444D-8857-02ABF3143281}.Release|x86.ActiveCfg = Release|Any CPU
		{8F7821D8-FF9C-444D-8857-02ABF3143281}.Release|x86.Build.0 = Release|Any CPU
		{80714C92-BB95-444D-AB8D-E4292331DF17}.Debug|Any CPU.ActiveCfg = Debug|Any CPU
		{80714C92-BB95-444D-AB8D-E4292331DF17}.Debug|Any CPU.Build.0 = Debug|Any CPU
		{80714C92-BB95-444D-AB8D-E4292331DF17}.Debug|x64.ActiveCfg = Debug|Any CPU
		{80714C92-BB95-444D-AB8D-E4292331DF17}.Debug|x64.Build.0 = Debug|Any CPU
		{80714C92-BB95-444D-AB8D-E4292331DF17}.Debug|x86.ActiveCfg = Debug|Any CPU
		{80714C92-BB95-444D-AB8D-E4292331DF17}.Debug|x86.Build.0 = Debug|Any CPU
		{80714C92-BB95-444D-AB8D-E4292331DF17}.Release|Any CPU.ActiveCfg = Release|Any CPU
		{80714C92-BB95-444D-AB8D-E4292331DF17}.Release|Any CPU.Build.0 = Release|Any CPU
		{80714C92-BB95-444D-AB8D-E4292331DF17}.Release|x64.ActiveCfg = Release|Any CPU
		{80714C92-BB95-444D-AB8D-E4292331DF17}.Release|x64.Build.0 = Release|Any CPU
		{80714C92-BB95-444D-AB8D-E4292331DF17}.Release|x86.ActiveCfg = Release|Any CPU
		{80714C92-BB95-444D-AB8D-E4292331DF17}.Release|x86.Build.0 = Release|Any CPU
		{B33B7123-2D25-49E9-B8B0-A1D7B09D60F2}.Debug|Any CPU.ActiveCfg = Debug|Any CPU
		{B33B7123-2D25-49E9-B8B0-A1D7B09D60F2}.Debug|Any CPU.Build.0 = Debug|Any CPU
		{B33B7123-2D25-49E9-B8B0-A1D7B09D60F2}.Debug|x64.ActiveCfg = Debug|Any CPU
		{B33B7123-2D25-49E9-B8B0-A1D7B09D60F2}.Debug|x64.Build.0 = Debug|Any CPU
		{B33B7123-2D25-49E9-B8B0-A1D7B09D60F2}.Debug|x86.ActiveCfg = Debug|Any CPU
		{B33B7123-2D25-49E9-B8B0-A1D7B09D60F2}.Debug|x86.Build.0 = Debug|Any CPU
		{B33B7123-2D25-49E9-B8B0-A1D7B09D60F2}.Release|Any CPU.ActiveCfg = Release|Any CPU
		{B33B7123-2D25-49E9-B8B0-A1D7B09D60F2}.Release|Any CPU.Build.0 = Release|Any CPU
		{B33B7123-2D25-49E9-B8B0-A1D7B09D60F2}.Release|x64.ActiveCfg = Release|Any CPU
		{B33B7123-2D25-49E9-B8B0-A1D7B09D60F2}.Release|x64.Build.0 = Release|Any CPU
		{B33B7123-2D25-49E9-B8B0-A1D7B09D60F2}.Release|x86.ActiveCfg = Release|Any CPU
		{B33B7123-2D25-49E9-B8B0-A1D7B09D60F2}.Release|x86.Build.0 = Release|Any CPU
		{75B0BF66-FC79-4DFD-B71E-714BB13C4937}.Debug|Any CPU.ActiveCfg = Debug|Any CPU
		{75B0BF66-FC79-4DFD-B71E-714BB13C4937}.Debug|Any CPU.Build.0 = Debug|Any CPU
		{75B0BF66-FC79-4DFD-B71E-714BB13C4937}.Debug|x64.ActiveCfg = Debug|Any CPU
		{75B0BF66-FC79-4DFD-B71E-714BB13C4937}.Debug|x64.Build.0 = Debug|Any CPU
		{75B0BF66-FC79-4DFD-B71E-714BB13C4937}.Debug|x86.ActiveCfg = Debug|Any CPU
		{75B0BF66-FC79-4DFD-B71E-714BB13C4937}.Debug|x86.Build.0 = Debug|Any CPU
		{75B0BF66-FC79-4DFD-B71E-714BB13C4937}.Release|Any CPU.ActiveCfg = Release|Any CPU
		{75B0BF66-FC79-4DFD-B71E-714BB13C4937}.Release|Any CPU.Build.0 = Release|Any CPU
		{75B0BF66-FC79-4DFD-B71E-714BB13C4937}.Release|x64.ActiveCfg = Release|Any CPU
		{75B0BF66-FC79-4DFD-B71E-714BB13C4937}.Release|x64.Build.0 = Release|Any CPU
		{75B0BF66-FC79-4DFD-B71E-714BB13C4937}.Release|x86.ActiveCfg = Release|Any CPU
		{75B0BF66-FC79-4DFD-B71E-714BB13C4937}.Release|x86.Build.0 = Release|Any CPU
		{04104E7E-8ABA-465C-A5DD-62B4D5566DE1}.Debug|Any CPU.ActiveCfg = Debug|Any CPU
		{04104E7E-8ABA-465C-A5DD-62B4D5566DE1}.Debug|Any CPU.Build.0 = Debug|Any CPU
		{04104E7E-8ABA-465C-A5DD-62B4D5566DE1}.Debug|x64.ActiveCfg = Debug|Any CPU
		{04104E7E-8ABA-465C-A5DD-62B4D5566DE1}.Debug|x64.Build.0 = Debug|Any CPU
		{04104E7E-8ABA-465C-A5DD-62B4D5566DE1}.Debug|x86.ActiveCfg = Debug|Any CPU
		{04104E7E-8ABA-465C-A5DD-62B4D5566DE1}.Debug|x86.Build.0 = Debug|Any CPU
		{04104E7E-8ABA-465C-A5DD-62B4D5566DE1}.Release|Any CPU.ActiveCfg = Release|Any CPU
		{04104E7E-8ABA-465C-A5DD-62B4D5566DE1}.Release|Any CPU.Build.0 = Release|Any CPU
		{04104E7E-8ABA-465C-A5DD-62B4D5566DE1}.Release|x64.ActiveCfg = Release|Any CPU
		{04104E7E-8ABA-465C-A5DD-62B4D5566DE1}.Release|x64.Build.0 = Release|Any CPU
		{04104E7E-8ABA-465C-A5DD-62B4D5566DE1}.Release|x86.ActiveCfg = Release|Any CPU
		{04104E7E-8ABA-465C-A5DD-62B4D5566DE1}.Release|x86.Build.0 = Release|Any CPU
		{AA02B9A1-B074-4874-BE2C-9370D9D623E4}.Debug|Any CPU.ActiveCfg = Debug|Any CPU
		{AA02B9A1-B074-4874-BE2C-9370D9D623E4}.Debug|Any CPU.Build.0 = Debug|Any CPU
		{AA02B9A1-B074-4874-BE2C-9370D9D623E4}.Debug|x64.ActiveCfg = Debug|Any CPU
		{AA02B9A1-B074-4874-BE2C-9370D9D623E4}.Debug|x64.Build.0 = Debug|Any CPU
		{AA02B9A1-B074-4874-BE2C-9370D9D623E4}.Debug|x86.ActiveCfg = Debug|Any CPU
		{AA02B9A1-B074-4874-BE2C-9370D9D623E4}.Debug|x86.Build.0 = Debug|Any CPU
		{AA02B9A1-B074-4874-BE2C-9370D9D623E4}.Release|Any CPU.ActiveCfg = Release|Any CPU
		{AA02B9A1-B074-4874-BE2C-9370D9D623E4}.Release|Any CPU.Build.0 = Release|Any CPU
		{AA02B9A1-B074-4874-BE2C-9370D9D623E4}.Release|x64.ActiveCfg = Release|Any CPU
		{AA02B9A1-B074-4874-BE2C-9370D9D623E4}.Release|x64.Build.0 = Release|Any CPU
		{AA02B9A1-B074-4874-BE2C-9370D9D623E4}.Release|x86.ActiveCfg = Release|Any CPU
		{AA02B9A1-B074-4874-BE2C-9370D9D623E4}.Release|x86.Build.0 = Release|Any CPU
		{2AE9D0C6-92F0-42C2-A404-BE266CA7BB32}.Debug|Any CPU.ActiveCfg = Debug|Any CPU
		{2AE9D0C6-92F0-42C2-A404-BE266CA7BB32}.Debug|Any CPU.Build.0 = Debug|Any CPU
		{2AE9D0C6-92F0-42C2-A404-BE266CA7BB32}.Debug|x64.ActiveCfg = Debug|Any CPU
		{2AE9D0C6-92F0-42C2-A404-BE266CA7BB32}.Debug|x64.Build.0 = Debug|Any CPU
		{2AE9D0C6-92F0-42C2-A404-BE266CA7BB32}.Debug|x86.ActiveCfg = Debug|Any CPU
		{2AE9D0C6-92F0-42C2-A404-BE266CA7BB32}.Debug|x86.Build.0 = Debug|Any CPU
		{2AE9D0C6-92F0-42C2-A404-BE266CA7BB32}.Release|Any CPU.ActiveCfg = Release|Any CPU
		{2AE9D0C6-92F0-42C2-A404-BE266CA7BB32}.Release|Any CPU.Build.0 = Release|Any CPU
		{2AE9D0C6-92F0-42C2-A404-BE266CA7BB32}.Release|x64.ActiveCfg = Release|Any CPU
		{2AE9D0C6-92F0-42C2-A404-BE266CA7BB32}.Release|x64.Build.0 = Release|Any CPU
		{2AE9D0C6-92F0-42C2-A404-BE266CA7BB32}.Release|x86.ActiveCfg = Release|Any CPU
		{2AE9D0C6-92F0-42C2-A404-BE266CA7BB32}.Release|x86.Build.0 = Release|Any CPU
		{17933BCF-BE39-4748-8FB1-7ECBA41566BE}.Debug|Any CPU.ActiveCfg = Debug|Any CPU
		{17933BCF-BE39-4748-8FB1-7ECBA41566BE}.Debug|Any CPU.Build.0 = Debug|Any CPU
		{17933BCF-BE39-4748-8FB1-7ECBA41566BE}.Debug|x64.ActiveCfg = Debug|Any CPU
		{17933BCF-BE39-4748-8FB1-7ECBA41566BE}.Debug|x64.Build.0 = Debug|Any CPU
		{17933BCF-BE39-4748-8FB1-7ECBA41566BE}.Debug|x86.ActiveCfg = Debug|Any CPU
		{17933BCF-BE39-4748-8FB1-7ECBA41566BE}.Debug|x86.Build.0 = Debug|Any CPU
		{17933BCF-BE39-4748-8FB1-7ECBA41566BE}.Release|Any CPU.ActiveCfg = Release|Any CPU
		{17933BCF-BE39-4748-8FB1-7ECBA41566BE}.Release|Any CPU.Build.0 = Release|Any CPU
		{17933BCF-BE39-4748-8FB1-7ECBA41566BE}.Release|x64.ActiveCfg = Release|Any CPU
		{17933BCF-BE39-4748-8FB1-7ECBA41566BE}.Release|x64.Build.0 = Release|Any CPU
		{17933BCF-BE39-4748-8FB1-7ECBA41566BE}.Release|x86.ActiveCfg = Release|Any CPU
		{17933BCF-BE39-4748-8FB1-7ECBA41566BE}.Release|x86.Build.0 = Release|Any CPU
		{60BB9525-14CC-446C-B347-6E5CEA3558ED}.Debug|Any CPU.ActiveCfg = Debug|Any CPU
		{60BB9525-14CC-446C-B347-6E5CEA3558ED}.Debug|Any CPU.Build.0 = Debug|Any CPU
		{60BB9525-14CC-446C-B347-6E5CEA3558ED}.Debug|x64.ActiveCfg = Debug|Any CPU
		{60BB9525-14CC-446C-B347-6E5CEA3558ED}.Debug|x64.Build.0 = Debug|Any CPU
		{60BB9525-14CC-446C-B347-6E5CEA3558ED}.Debug|x86.ActiveCfg = Debug|Any CPU
		{60BB9525-14CC-446C-B347-6E5CEA3558ED}.Debug|x86.Build.0 = Debug|Any CPU
		{60BB9525-14CC-446C-B347-6E5CEA3558ED}.Release|Any CPU.ActiveCfg = Release|Any CPU
		{60BB9525-14CC-446C-B347-6E5CEA3558ED}.Release|Any CPU.Build.0 = Release|Any CPU
		{60BB9525-14CC-446C-B347-6E5CEA3558ED}.Release|x64.ActiveCfg = Release|Any CPU
		{60BB9525-14CC-446C-B347-6E5CEA3558ED}.Release|x64.Build.0 = Release|Any CPU
		{60BB9525-14CC-446C-B347-6E5CEA3558ED}.Release|x86.ActiveCfg = Release|Any CPU
		{60BB9525-14CC-446C-B347-6E5CEA3558ED}.Release|x86.Build.0 = Release|Any CPU
		{63BD3071-DB8D-4D32-A099-D2C8E5814AC2}.Debug|Any CPU.ActiveCfg = Debug|Any CPU
		{63BD3071-DB8D-4D32-A099-D2C8E5814AC2}.Debug|Any CPU.Build.0 = Debug|Any CPU
		{63BD3071-DB8D-4D32-A099-D2C8E5814AC2}.Debug|x64.ActiveCfg = Debug|Any CPU
		{63BD3071-DB8D-4D32-A099-D2C8E5814AC2}.Debug|x64.Build.0 = Debug|Any CPU
		{63BD3071-DB8D-4D32-A099-D2C8E5814AC2}.Debug|x86.ActiveCfg = Debug|Any CPU
		{63BD3071-DB8D-4D32-A099-D2C8E5814AC2}.Debug|x86.Build.0 = Debug|Any CPU
		{63BD3071-DB8D-4D32-A099-D2C8E5814AC2}.Release|Any CPU.ActiveCfg = Release|Any CPU
		{63BD3071-DB8D-4D32-A099-D2C8E5814AC2}.Release|Any CPU.Build.0 = Release|Any CPU
		{63BD3071-DB8D-4D32-A099-D2C8E5814AC2}.Release|x64.ActiveCfg = Release|Any CPU
		{63BD3071-DB8D-4D32-A099-D2C8E5814AC2}.Release|x64.Build.0 = Release|Any CPU
		{63BD3071-DB8D-4D32-A099-D2C8E5814AC2}.Release|x86.ActiveCfg = Release|Any CPU
		{63BD3071-DB8D-4D32-A099-D2C8E5814AC2}.Release|x86.Build.0 = Release|Any CPU
		{DF7AFBB6-32A2-43EF-A0BB-BA57DF9766FA}.Debug|Any CPU.ActiveCfg = Debug|Any CPU
		{DF7AFBB6-32A2-43EF-A0BB-BA57DF9766FA}.Debug|Any CPU.Build.0 = Debug|Any CPU
		{DF7AFBB6-32A2-43EF-A0BB-BA57DF9766FA}.Debug|x64.ActiveCfg = Debug|Any CPU
		{DF7AFBB6-32A2-43EF-A0BB-BA57DF9766FA}.Debug|x64.Build.0 = Debug|Any CPU
		{DF7AFBB6-32A2-43EF-A0BB-BA57DF9766FA}.Debug|x86.ActiveCfg = Debug|Any CPU
		{DF7AFBB6-32A2-43EF-A0BB-BA57DF9766FA}.Debug|x86.Build.0 = Debug|Any CPU
		{DF7AFBB6-32A2-43EF-A0BB-BA57DF9766FA}.Release|Any CPU.ActiveCfg = Release|Any CPU
		{DF7AFBB6-32A2-43EF-A0BB-BA57DF9766FA}.Release|Any CPU.Build.0 = Release|Any CPU
		{DF7AFBB6-32A2-43EF-A0BB-BA57DF9766FA}.Release|x64.ActiveCfg = Release|Any CPU
		{DF7AFBB6-32A2-43EF-A0BB-BA57DF9766FA}.Release|x64.Build.0 = Release|Any CPU
		{DF7AFBB6-32A2-43EF-A0BB-BA57DF9766FA}.Release|x86.ActiveCfg = Release|Any CPU
		{DF7AFBB6-32A2-43EF-A0BB-BA57DF9766FA}.Release|x86.Build.0 = Release|Any CPU
		{AF73E4F4-1B4E-4917-8BDF-FC8C936BFB1C}.Debug|Any CPU.ActiveCfg = Debug|Any CPU
		{AF73E4F4-1B4E-4917-8BDF-FC8C936BFB1C}.Debug|Any CPU.Build.0 = Debug|Any CPU
		{AF73E4F4-1B4E-4917-8BDF-FC8C936BFB1C}.Debug|x64.ActiveCfg = Debug|Any CPU
		{AF73E4F4-1B4E-4917-8BDF-FC8C936BFB1C}.Debug|x64.Build.0 = Debug|Any CPU
		{AF73E4F4-1B4E-4917-8BDF-FC8C936BFB1C}.Debug|x86.ActiveCfg = Debug|Any CPU
		{AF73E4F4-1B4E-4917-8BDF-FC8C936BFB1C}.Debug|x86.Build.0 = Debug|Any CPU
		{AF73E4F4-1B4E-4917-8BDF-FC8C936BFB1C}.Release|Any CPU.ActiveCfg = Release|Any CPU
		{AF73E4F4-1B4E-4917-8BDF-FC8C936BFB1C}.Release|Any CPU.Build.0 = Release|Any CPU
		{AF73E4F4-1B4E-4917-8BDF-FC8C936BFB1C}.Release|x64.ActiveCfg = Release|Any CPU
		{AF73E4F4-1B4E-4917-8BDF-FC8C936BFB1C}.Release|x64.Build.0 = Release|Any CPU
		{AF73E4F4-1B4E-4917-8BDF-FC8C936BFB1C}.Release|x86.ActiveCfg = Release|Any CPU
		{AF73E4F4-1B4E-4917-8BDF-FC8C936BFB1C}.Release|x86.Build.0 = Release|Any CPU
		{D00C07C9-9553-43DC-B34B-0FA0FE9958B6}.Debug|Any CPU.ActiveCfg = Debug|Any CPU
		{D00C07C9-9553-43DC-B34B-0FA0FE9958B6}.Debug|Any CPU.Build.0 = Debug|Any CPU
		{D00C07C9-9553-43DC-B34B-0FA0FE9958B6}.Debug|x64.ActiveCfg = Debug|Any CPU
		{D00C07C9-9553-43DC-B34B-0FA0FE9958B6}.Debug|x64.Build.0 = Debug|Any CPU
		{D00C07C9-9553-43DC-B34B-0FA0FE9958B6}.Debug|x86.ActiveCfg = Debug|Any CPU
		{D00C07C9-9553-43DC-B34B-0FA0FE9958B6}.Debug|x86.Build.0 = Debug|Any CPU
		{D00C07C9-9553-43DC-B34B-0FA0FE9958B6}.Release|Any CPU.ActiveCfg = Release|Any CPU
		{D00C07C9-9553-43DC-B34B-0FA0FE9958B6}.Release|Any CPU.Build.0 = Release|Any CPU
		{D00C07C9-9553-43DC-B34B-0FA0FE9958B6}.Release|x64.ActiveCfg = Release|Any CPU
		{D00C07C9-9553-43DC-B34B-0FA0FE9958B6}.Release|x64.Build.0 = Release|Any CPU
		{D00C07C9-9553-43DC-B34B-0FA0FE9958B6}.Release|x86.ActiveCfg = Release|Any CPU
		{D00C07C9-9553-43DC-B34B-0FA0FE9958B6}.Release|x86.Build.0 = Release|Any CPU
		{065C5DF3-CC24-4983-877E-BC9A0CC859AC}.Debug|Any CPU.ActiveCfg = Debug|Any CPU
		{065C5DF3-CC24-4983-877E-BC9A0CC859AC}.Debug|Any CPU.Build.0 = Debug|Any CPU
		{065C5DF3-CC24-4983-877E-BC9A0CC859AC}.Debug|x64.ActiveCfg = Debug|Any CPU
		{065C5DF3-CC24-4983-877E-BC9A0CC859AC}.Debug|x64.Build.0 = Debug|Any CPU
		{065C5DF3-CC24-4983-877E-BC9A0CC859AC}.Debug|x86.ActiveCfg = Debug|Any CPU
		{065C5DF3-CC24-4983-877E-BC9A0CC859AC}.Debug|x86.Build.0 = Debug|Any CPU
		{065C5DF3-CC24-4983-877E-BC9A0CC859AC}.Release|Any CPU.ActiveCfg = Release|Any CPU
		{065C5DF3-CC24-4983-877E-BC9A0CC859AC}.Release|Any CPU.Build.0 = Release|Any CPU
		{065C5DF3-CC24-4983-877E-BC9A0CC859AC}.Release|x64.ActiveCfg = Release|Any CPU
		{065C5DF3-CC24-4983-877E-BC9A0CC859AC}.Release|x64.Build.0 = Release|Any CPU
		{065C5DF3-CC24-4983-877E-BC9A0CC859AC}.Release|x86.ActiveCfg = Release|Any CPU
		{065C5DF3-CC24-4983-877E-BC9A0CC859AC}.Release|x86.Build.0 = Release|Any CPU
		{194307A9-CE47-4ED6-AC36-3CF3847C80E8}.Debug|Any CPU.ActiveCfg = Debug|Any CPU
		{194307A9-CE47-4ED6-AC36-3CF3847C80E8}.Debug|Any CPU.Build.0 = Debug|Any CPU
		{194307A9-CE47-4ED6-AC36-3CF3847C80E8}.Debug|x64.ActiveCfg = Debug|Any CPU
		{194307A9-CE47-4ED6-AC36-3CF3847C80E8}.Debug|x64.Build.0 = Debug|Any CPU
		{194307A9-CE47-4ED6-AC36-3CF3847C80E8}.Debug|x86.ActiveCfg = Debug|Any CPU
		{194307A9-CE47-4ED6-AC36-3CF3847C80E8}.Debug|x86.Build.0 = Debug|Any CPU
		{194307A9-CE47-4ED6-AC36-3CF3847C80E8}.Release|Any CPU.ActiveCfg = Release|Any CPU
		{194307A9-CE47-4ED6-AC36-3CF3847C80E8}.Release|Any CPU.Build.0 = Release|Any CPU
		{194307A9-CE47-4ED6-AC36-3CF3847C80E8}.Release|x64.ActiveCfg = Release|Any CPU
		{194307A9-CE47-4ED6-AC36-3CF3847C80E8}.Release|x64.Build.0 = Release|Any CPU
		{194307A9-CE47-4ED6-AC36-3CF3847C80E8}.Release|x86.ActiveCfg = Release|Any CPU
		{194307A9-CE47-4ED6-AC36-3CF3847C80E8}.Release|x86.Build.0 = Release|Any CPU
		{C7685868-F491-4BA4-A330-0303F500A0C4}.Debug|Any CPU.ActiveCfg = Debug|Any CPU
		{C7685868-F491-4BA4-A330-0303F500A0C4}.Debug|Any CPU.Build.0 = Debug|Any CPU
		{C7685868-F491-4BA4-A330-0303F500A0C4}.Debug|x64.ActiveCfg = Debug|Any CPU
		{C7685868-F491-4BA4-A330-0303F500A0C4}.Debug|x64.Build.0 = Debug|Any CPU
		{C7685868-F491-4BA4-A330-0303F500A0C4}.Debug|x86.ActiveCfg = Debug|Any CPU
		{C7685868-F491-4BA4-A330-0303F500A0C4}.Debug|x86.Build.0 = Debug|Any CPU
		{C7685868-F491-4BA4-A330-0303F500A0C4}.Release|Any CPU.ActiveCfg = Release|Any CPU
		{C7685868-F491-4BA4-A330-0303F500A0C4}.Release|Any CPU.Build.0 = Release|Any CPU
		{C7685868-F491-4BA4-A330-0303F500A0C4}.Release|x64.ActiveCfg = Release|Any CPU
		{C7685868-F491-4BA4-A330-0303F500A0C4}.Release|x64.Build.0 = Release|Any CPU
		{C7685868-F491-4BA4-A330-0303F500A0C4}.Release|x86.ActiveCfg = Release|Any CPU
		{C7685868-F491-4BA4-A330-0303F500A0C4}.Release|x86.Build.0 = Release|Any CPU
		{EB4A2733-CC7F-46C3-AEC1-F227DDFEFEC4}.Debug|Any CPU.ActiveCfg = Debug|Any CPU
		{EB4A2733-CC7F-46C3-AEC1-F227DDFEFEC4}.Debug|Any CPU.Build.0 = Debug|Any CPU
		{EB4A2733-CC7F-46C3-AEC1-F227DDFEFEC4}.Debug|x64.ActiveCfg = Debug|Any CPU
		{EB4A2733-CC7F-46C3-AEC1-F227DDFEFEC4}.Debug|x64.Build.0 = Debug|Any CPU
		{EB4A2733-CC7F-46C3-AEC1-F227DDFEFEC4}.Debug|x86.ActiveCfg = Debug|Any CPU
		{EB4A2733-CC7F-46C3-AEC1-F227DDFEFEC4}.Debug|x86.Build.0 = Debug|Any CPU
		{EB4A2733-CC7F-46C3-AEC1-F227DDFEFEC4}.Release|Any CPU.ActiveCfg = Release|Any CPU
		{EB4A2733-CC7F-46C3-AEC1-F227DDFEFEC4}.Release|Any CPU.Build.0 = Release|Any CPU
		{EB4A2733-CC7F-46C3-AEC1-F227DDFEFEC4}.Release|x64.ActiveCfg = Release|Any CPU
		{EB4A2733-CC7F-46C3-AEC1-F227DDFEFEC4}.Release|x64.Build.0 = Release|Any CPU
		{EB4A2733-CC7F-46C3-AEC1-F227DDFEFEC4}.Release|x86.ActiveCfg = Release|Any CPU
		{EB4A2733-CC7F-46C3-AEC1-F227DDFEFEC4}.Release|x86.Build.0 = Release|Any CPU
		{A3F02198-86B4-4CDD-8557-FB7515AB22E2}.Debug|Any CPU.ActiveCfg = Debug|Any CPU
		{A3F02198-86B4-4CDD-8557-FB7515AB22E2}.Debug|Any CPU.Build.0 = Debug|Any CPU
		{A3F02198-86B4-4CDD-8557-FB7515AB22E2}.Debug|x64.ActiveCfg = Debug|Any CPU
		{A3F02198-86B4-4CDD-8557-FB7515AB22E2}.Debug|x64.Build.0 = Debug|Any CPU
		{A3F02198-86B4-4CDD-8557-FB7515AB22E2}.Debug|x86.ActiveCfg = Debug|Any CPU
		{A3F02198-86B4-4CDD-8557-FB7515AB22E2}.Debug|x86.Build.0 = Debug|Any CPU
		{A3F02198-86B4-4CDD-8557-FB7515AB22E2}.Release|Any CPU.ActiveCfg = Release|Any CPU
		{A3F02198-86B4-4CDD-8557-FB7515AB22E2}.Release|Any CPU.Build.0 = Release|Any CPU
		{A3F02198-86B4-4CDD-8557-FB7515AB22E2}.Release|x64.ActiveCfg = Release|Any CPU
		{A3F02198-86B4-4CDD-8557-FB7515AB22E2}.Release|x64.Build.0 = Release|Any CPU
		{A3F02198-86B4-4CDD-8557-FB7515AB22E2}.Release|x86.ActiveCfg = Release|Any CPU
		{A3F02198-86B4-4CDD-8557-FB7515AB22E2}.Release|x86.Build.0 = Release|Any CPU
		{5DF644B3-0A7E-4B3C-85C9-10B55D6585C5}.Debug|Any CPU.ActiveCfg = Debug|Any CPU
		{5DF644B3-0A7E-4B3C-85C9-10B55D6585C5}.Debug|Any CPU.Build.0 = Debug|Any CPU
		{5DF644B3-0A7E-4B3C-85C9-10B55D6585C5}.Debug|x64.ActiveCfg = Debug|Any CPU
		{5DF644B3-0A7E-4B3C-85C9-10B55D6585C5}.Debug|x64.Build.0 = Debug|Any CPU
		{5DF644B3-0A7E-4B3C-85C9-10B55D6585C5}.Debug|x86.ActiveCfg = Debug|Any CPU
		{5DF644B3-0A7E-4B3C-85C9-10B55D6585C5}.Debug|x86.Build.0 = Debug|Any CPU
		{5DF644B3-0A7E-4B3C-85C9-10B55D6585C5}.Release|Any CPU.ActiveCfg = Release|Any CPU
		{5DF644B3-0A7E-4B3C-85C9-10B55D6585C5}.Release|Any CPU.Build.0 = Release|Any CPU
		{5DF644B3-0A7E-4B3C-85C9-10B55D6585C5}.Release|x64.ActiveCfg = Release|Any CPU
		{5DF644B3-0A7E-4B3C-85C9-10B55D6585C5}.Release|x64.Build.0 = Release|Any CPU
		{5DF644B3-0A7E-4B3C-85C9-10B55D6585C5}.Release|x86.ActiveCfg = Release|Any CPU
		{5DF644B3-0A7E-4B3C-85C9-10B55D6585C5}.Release|x86.Build.0 = Release|Any CPU
		{9F1EE881-2541-42B2-8F24-D14CAF7816E8}.Debug|Any CPU.ActiveCfg = Debug|Any CPU
		{9F1EE881-2541-42B2-8F24-D14CAF7816E8}.Debug|Any CPU.Build.0 = Debug|Any CPU
		{9F1EE881-2541-42B2-8F24-D14CAF7816E8}.Debug|x64.ActiveCfg = Debug|Any CPU
		{9F1EE881-2541-42B2-8F24-D14CAF7816E8}.Debug|x64.Build.0 = Debug|Any CPU
		{9F1EE881-2541-42B2-8F24-D14CAF7816E8}.Debug|x86.ActiveCfg = Debug|Any CPU
		{9F1EE881-2541-42B2-8F24-D14CAF7816E8}.Debug|x86.Build.0 = Debug|Any CPU
		{9F1EE881-2541-42B2-8F24-D14CAF7816E8}.Release|Any CPU.ActiveCfg = Release|Any CPU
		{9F1EE881-2541-42B2-8F24-D14CAF7816E8}.Release|Any CPU.Build.0 = Release|Any CPU
		{9F1EE881-2541-42B2-8F24-D14CAF7816E8}.Release|x64.ActiveCfg = Release|Any CPU
		{9F1EE881-2541-42B2-8F24-D14CAF7816E8}.Release|x64.Build.0 = Release|Any CPU
		{9F1EE881-2541-42B2-8F24-D14CAF7816E8}.Release|x86.ActiveCfg = Release|Any CPU
		{9F1EE881-2541-42B2-8F24-D14CAF7816E8}.Release|x86.Build.0 = Release|Any CPU
		{ABC1FAD7-932C-42B5-81FF-F08C099964E7}.Debug|Any CPU.ActiveCfg = Debug|Any CPU
		{ABC1FAD7-932C-42B5-81FF-F08C099964E7}.Debug|Any CPU.Build.0 = Debug|Any CPU
		{ABC1FAD7-932C-42B5-81FF-F08C099964E7}.Debug|x64.ActiveCfg = Debug|Any CPU
		{ABC1FAD7-932C-42B5-81FF-F08C099964E7}.Debug|x64.Build.0 = Debug|Any CPU
		{ABC1FAD7-932C-42B5-81FF-F08C099964E7}.Debug|x86.ActiveCfg = Debug|Any CPU
		{ABC1FAD7-932C-42B5-81FF-F08C099964E7}.Debug|x86.Build.0 = Debug|Any CPU
		{ABC1FAD7-932C-42B5-81FF-F08C099964E7}.Release|Any CPU.ActiveCfg = Release|Any CPU
		{ABC1FAD7-932C-42B5-81FF-F08C099964E7}.Release|Any CPU.Build.0 = Release|Any CPU
		{ABC1FAD7-932C-42B5-81FF-F08C099964E7}.Release|x64.ActiveCfg = Release|Any CPU
		{ABC1FAD7-932C-42B5-81FF-F08C099964E7}.Release|x64.Build.0 = Release|Any CPU
		{ABC1FAD7-932C-42B5-81FF-F08C099964E7}.Release|x86.ActiveCfg = Release|Any CPU
		{ABC1FAD7-932C-42B5-81FF-F08C099964E7}.Release|x86.Build.0 = Release|Any CPU
		{9B460429-E9BB-4D4A-8C7C-EB1DE79955A8}.Debug|Any CPU.ActiveCfg = Debug|Any CPU
		{9B460429-E9BB-4D4A-8C7C-EB1DE79955A8}.Debug|Any CPU.Build.0 = Debug|Any CPU
		{9B460429-E9BB-4D4A-8C7C-EB1DE79955A8}.Debug|x64.ActiveCfg = Debug|Any CPU
		{9B460429-E9BB-4D4A-8C7C-EB1DE79955A8}.Debug|x64.Build.0 = Debug|Any CPU
		{9B460429-E9BB-4D4A-8C7C-EB1DE79955A8}.Debug|x86.ActiveCfg = Debug|Any CPU
		{9B460429-E9BB-4D4A-8C7C-EB1DE79955A8}.Debug|x86.Build.0 = Debug|Any CPU
		{9B460429-E9BB-4D4A-8C7C-EB1DE79955A8}.Release|Any CPU.ActiveCfg = Release|Any CPU
		{9B460429-E9BB-4D4A-8C7C-EB1DE79955A8}.Release|Any CPU.Build.0 = Release|Any CPU
		{9B460429-E9BB-4D4A-8C7C-EB1DE79955A8}.Release|x64.ActiveCfg = Release|Any CPU
		{9B460429-E9BB-4D4A-8C7C-EB1DE79955A8}.Release|x64.Build.0 = Release|Any CPU
		{9B460429-E9BB-4D4A-8C7C-EB1DE79955A8}.Release|x86.ActiveCfg = Release|Any CPU
		{9B460429-E9BB-4D4A-8C7C-EB1DE79955A8}.Release|x86.Build.0 = Release|Any CPU
		{6D09153C-D4E8-42F2-9A51-212A11B20C53}.Debug|Any CPU.ActiveCfg = Debug|Any CPU
		{6D09153C-D4E8-42F2-9A51-212A11B20C53}.Debug|Any CPU.Build.0 = Debug|Any CPU
		{6D09153C-D4E8-42F2-9A51-212A11B20C53}.Debug|x64.ActiveCfg = Debug|Any CPU
		{6D09153C-D4E8-42F2-9A51-212A11B20C53}.Debug|x64.Build.0 = Debug|Any CPU
		{6D09153C-D4E8-42F2-9A51-212A11B20C53}.Debug|x86.ActiveCfg = Debug|Any CPU
		{6D09153C-D4E8-42F2-9A51-212A11B20C53}.Debug|x86.Build.0 = Debug|Any CPU
		{6D09153C-D4E8-42F2-9A51-212A11B20C53}.Release|Any CPU.ActiveCfg = Release|Any CPU
		{6D09153C-D4E8-42F2-9A51-212A11B20C53}.Release|Any CPU.Build.0 = Release|Any CPU
		{6D09153C-D4E8-42F2-9A51-212A11B20C53}.Release|x64.ActiveCfg = Release|Any CPU
		{6D09153C-D4E8-42F2-9A51-212A11B20C53}.Release|x64.Build.0 = Release|Any CPU
		{6D09153C-D4E8-42F2-9A51-212A11B20C53}.Release|x86.ActiveCfg = Release|Any CPU
		{6D09153C-D4E8-42F2-9A51-212A11B20C53}.Release|x86.Build.0 = Release|Any CPU
		{FC2A0ADE-2E5B-4EF7-9EB9-2C8127A1847F}.Debug|Any CPU.ActiveCfg = Debug|Any CPU
		{FC2A0ADE-2E5B-4EF7-9EB9-2C8127A1847F}.Debug|Any CPU.Build.0 = Debug|Any CPU
		{FC2A0ADE-2E5B-4EF7-9EB9-2C8127A1847F}.Debug|x64.ActiveCfg = Debug|Any CPU
		{FC2A0ADE-2E5B-4EF7-9EB9-2C8127A1847F}.Debug|x64.Build.0 = Debug|Any CPU
		{FC2A0ADE-2E5B-4EF7-9EB9-2C8127A1847F}.Debug|x86.ActiveCfg = Debug|Any CPU
		{FC2A0ADE-2E5B-4EF7-9EB9-2C8127A1847F}.Debug|x86.Build.0 = Debug|Any CPU
		{FC2A0ADE-2E5B-4EF7-9EB9-2C8127A1847F}.Release|Any CPU.ActiveCfg = Release|Any CPU
		{FC2A0ADE-2E5B-4EF7-9EB9-2C8127A1847F}.Release|Any CPU.Build.0 = Release|Any CPU
		{FC2A0ADE-2E5B-4EF7-9EB9-2C8127A1847F}.Release|x64.ActiveCfg = Release|Any CPU
		{FC2A0ADE-2E5B-4EF7-9EB9-2C8127A1847F}.Release|x64.Build.0 = Release|Any CPU
		{FC2A0ADE-2E5B-4EF7-9EB9-2C8127A1847F}.Release|x86.ActiveCfg = Release|Any CPU
		{FC2A0ADE-2E5B-4EF7-9EB9-2C8127A1847F}.Release|x86.Build.0 = Release|Any CPU
		{07F137D5-6C80-48AF-97BE-981B58A6886C}.Debug|Any CPU.ActiveCfg = Debug|Any CPU
		{07F137D5-6C80-48AF-97BE-981B58A6886C}.Debug|Any CPU.Build.0 = Debug|Any CPU
		{07F137D5-6C80-48AF-97BE-981B58A6886C}.Debug|x64.ActiveCfg = Debug|Any CPU
		{07F137D5-6C80-48AF-97BE-981B58A6886C}.Debug|x64.Build.0 = Debug|Any CPU
		{07F137D5-6C80-48AF-97BE-981B58A6886C}.Debug|x86.ActiveCfg = Debug|Any CPU
		{07F137D5-6C80-48AF-97BE-981B58A6886C}.Debug|x86.Build.0 = Debug|Any CPU
		{07F137D5-6C80-48AF-97BE-981B58A6886C}.Release|Any CPU.ActiveCfg = Release|Any CPU
		{07F137D5-6C80-48AF-97BE-981B58A6886C}.Release|Any CPU.Build.0 = Release|Any CPU
		{07F137D5-6C80-48AF-97BE-981B58A6886C}.Release|x64.ActiveCfg = Release|Any CPU
		{07F137D5-6C80-48AF-97BE-981B58A6886C}.Release|x64.Build.0 = Release|Any CPU
		{07F137D5-6C80-48AF-97BE-981B58A6886C}.Release|x86.ActiveCfg = Release|Any CPU
		{07F137D5-6C80-48AF-97BE-981B58A6886C}.Release|x86.Build.0 = Release|Any CPU
		{9CAF5C91-2287-4A77-A536-A6ED05D357EA}.Debug|Any CPU.ActiveCfg = Debug|Any CPU
		{9CAF5C91-2287-4A77-A536-A6ED05D357EA}.Debug|Any CPU.Build.0 = Debug|Any CPU
		{9CAF5C91-2287-4A77-A536-A6ED05D357EA}.Debug|x64.ActiveCfg = Debug|Any CPU
		{9CAF5C91-2287-4A77-A536-A6ED05D357EA}.Debug|x64.Build.0 = Debug|Any CPU
		{9CAF5C91-2287-4A77-A536-A6ED05D357EA}.Debug|x86.ActiveCfg = Debug|Any CPU
		{9CAF5C91-2287-4A77-A536-A6ED05D357EA}.Debug|x86.Build.0 = Debug|Any CPU
		{9CAF5C91-2287-4A77-A536-A6ED05D357EA}.Release|Any CPU.ActiveCfg = Release|Any CPU
		{9CAF5C91-2287-4A77-A536-A6ED05D357EA}.Release|Any CPU.Build.0 = Release|Any CPU
		{9CAF5C91-2287-4A77-A536-A6ED05D357EA}.Release|x64.ActiveCfg = Release|Any CPU
		{9CAF5C91-2287-4A77-A536-A6ED05D357EA}.Release|x64.Build.0 = Release|Any CPU
		{9CAF5C91-2287-4A77-A536-A6ED05D357EA}.Release|x86.ActiveCfg = Release|Any CPU
		{9CAF5C91-2287-4A77-A536-A6ED05D357EA}.Release|x86.Build.0 = Release|Any CPU
		{9F171937-3E5F-439F-BBF9-F319B650CF1E}.Debug|Any CPU.ActiveCfg = Debug|Any CPU
		{9F171937-3E5F-439F-BBF9-F319B650CF1E}.Debug|Any CPU.Build.0 = Debug|Any CPU
		{9F171937-3E5F-439F-BBF9-F319B650CF1E}.Debug|x64.ActiveCfg = Debug|Any CPU
		{9F171937-3E5F-439F-BBF9-F319B650CF1E}.Debug|x64.Build.0 = Debug|Any CPU
		{9F171937-3E5F-439F-BBF9-F319B650CF1E}.Debug|x86.ActiveCfg = Debug|Any CPU
		{9F171937-3E5F-439F-BBF9-F319B650CF1E}.Debug|x86.Build.0 = Debug|Any CPU
		{9F171937-3E5F-439F-BBF9-F319B650CF1E}.Release|Any CPU.ActiveCfg = Release|Any CPU
		{9F171937-3E5F-439F-BBF9-F319B650CF1E}.Release|Any CPU.Build.0 = Release|Any CPU
		{9F171937-3E5F-439F-BBF9-F319B650CF1E}.Release|x64.ActiveCfg = Release|Any CPU
		{9F171937-3E5F-439F-BBF9-F319B650CF1E}.Release|x64.Build.0 = Release|Any CPU
		{9F171937-3E5F-439F-BBF9-F319B650CF1E}.Release|x86.ActiveCfg = Release|Any CPU
		{9F171937-3E5F-439F-BBF9-F319B650CF1E}.Release|x86.Build.0 = Release|Any CPU
		{0E6C3FDF-0702-4A42-B2F3-E0CACDA2188B}.Debug|Any CPU.ActiveCfg = Debug|Any CPU
		{0E6C3FDF-0702-4A42-B2F3-E0CACDA2188B}.Debug|Any CPU.Build.0 = Debug|Any CPU
		{0E6C3FDF-0702-4A42-B2F3-E0CACDA2188B}.Debug|x64.ActiveCfg = Debug|Any CPU
		{0E6C3FDF-0702-4A42-B2F3-E0CACDA2188B}.Debug|x64.Build.0 = Debug|Any CPU
		{0E6C3FDF-0702-4A42-B2F3-E0CACDA2188B}.Debug|x86.ActiveCfg = Debug|Any CPU
		{0E6C3FDF-0702-4A42-B2F3-E0CACDA2188B}.Debug|x86.Build.0 = Debug|Any CPU
		{0E6C3FDF-0702-4A42-B2F3-E0CACDA2188B}.Release|Any CPU.ActiveCfg = Release|Any CPU
		{0E6C3FDF-0702-4A42-B2F3-E0CACDA2188B}.Release|Any CPU.Build.0 = Release|Any CPU
		{0E6C3FDF-0702-4A42-B2F3-E0CACDA2188B}.Release|x64.ActiveCfg = Release|Any CPU
		{0E6C3FDF-0702-4A42-B2F3-E0CACDA2188B}.Release|x64.Build.0 = Release|Any CPU
		{0E6C3FDF-0702-4A42-B2F3-E0CACDA2188B}.Release|x86.ActiveCfg = Release|Any CPU
		{0E6C3FDF-0702-4A42-B2F3-E0CACDA2188B}.Release|x86.Build.0 = Release|Any CPU
		{27415EB6-4318-4F3D-8BAA-A3DB3E0F8D98}.Debug|Any CPU.ActiveCfg = Debug|Any CPU
		{27415EB6-4318-4F3D-8BAA-A3DB3E0F8D98}.Debug|Any CPU.Build.0 = Debug|Any CPU
		{27415EB6-4318-4F3D-8BAA-A3DB3E0F8D98}.Debug|x64.ActiveCfg = Debug|Any CPU
		{27415EB6-4318-4F3D-8BAA-A3DB3E0F8D98}.Debug|x64.Build.0 = Debug|Any CPU
		{27415EB6-4318-4F3D-8BAA-A3DB3E0F8D98}.Debug|x86.ActiveCfg = Debug|Any CPU
		{27415EB6-4318-4F3D-8BAA-A3DB3E0F8D98}.Debug|x86.Build.0 = Debug|Any CPU
		{27415EB6-4318-4F3D-8BAA-A3DB3E0F8D98}.Release|Any CPU.ActiveCfg = Release|Any CPU
		{27415EB6-4318-4F3D-8BAA-A3DB3E0F8D98}.Release|Any CPU.Build.0 = Release|Any CPU
		{27415EB6-4318-4F3D-8BAA-A3DB3E0F8D98}.Release|x64.ActiveCfg = Release|Any CPU
		{27415EB6-4318-4F3D-8BAA-A3DB3E0F8D98}.Release|x64.Build.0 = Release|Any CPU
		{27415EB6-4318-4F3D-8BAA-A3DB3E0F8D98}.Release|x86.ActiveCfg = Release|Any CPU
		{27415EB6-4318-4F3D-8BAA-A3DB3E0F8D98}.Release|x86.Build.0 = Release|Any CPU
		{D69BEC28-893E-4B7B-BED3-ADBEE7C1831D}.Debug|Any CPU.ActiveCfg = Debug|Any CPU
		{D69BEC28-893E-4B7B-BED3-ADBEE7C1831D}.Debug|Any CPU.Build.0 = Debug|Any CPU
		{D69BEC28-893E-4B7B-BED3-ADBEE7C1831D}.Debug|x64.ActiveCfg = Debug|Any CPU
		{D69BEC28-893E-4B7B-BED3-ADBEE7C1831D}.Debug|x64.Build.0 = Debug|Any CPU
		{D69BEC28-893E-4B7B-BED3-ADBEE7C1831D}.Debug|x86.ActiveCfg = Debug|Any CPU
		{D69BEC28-893E-4B7B-BED3-ADBEE7C1831D}.Debug|x86.Build.0 = Debug|Any CPU
		{D69BEC28-893E-4B7B-BED3-ADBEE7C1831D}.Release|Any CPU.ActiveCfg = Release|Any CPU
		{D69BEC28-893E-4B7B-BED3-ADBEE7C1831D}.Release|Any CPU.Build.0 = Release|Any CPU
		{D69BEC28-893E-4B7B-BED3-ADBEE7C1831D}.Release|x64.ActiveCfg = Release|Any CPU
		{D69BEC28-893E-4B7B-BED3-ADBEE7C1831D}.Release|x64.Build.0 = Release|Any CPU
		{D69BEC28-893E-4B7B-BED3-ADBEE7C1831D}.Release|x86.ActiveCfg = Release|Any CPU
		{D69BEC28-893E-4B7B-BED3-ADBEE7C1831D}.Release|x86.Build.0 = Release|Any CPU
		{32DC9BE6-5BBB-46BC-A7B8-CD397FBC9678}.Debug|Any CPU.ActiveCfg = Debug|Any CPU
		{32DC9BE6-5BBB-46BC-A7B8-CD397FBC9678}.Debug|Any CPU.Build.0 = Debug|Any CPU
		{32DC9BE6-5BBB-46BC-A7B8-CD397FBC9678}.Debug|x64.ActiveCfg = Debug|Any CPU
		{32DC9BE6-5BBB-46BC-A7B8-CD397FBC9678}.Debug|x64.Build.0 = Debug|Any CPU
		{32DC9BE6-5BBB-46BC-A7B8-CD397FBC9678}.Debug|x86.ActiveCfg = Debug|Any CPU
		{32DC9BE6-5BBB-46BC-A7B8-CD397FBC9678}.Debug|x86.Build.0 = Debug|Any CPU
		{32DC9BE6-5BBB-46BC-A7B8-CD397FBC9678}.Release|Any CPU.ActiveCfg = Release|Any CPU
		{32DC9BE6-5BBB-46BC-A7B8-CD397FBC9678}.Release|Any CPU.Build.0 = Release|Any CPU
		{32DC9BE6-5BBB-46BC-A7B8-CD397FBC9678}.Release|x64.ActiveCfg = Release|Any CPU
		{32DC9BE6-5BBB-46BC-A7B8-CD397FBC9678}.Release|x64.Build.0 = Release|Any CPU
		{32DC9BE6-5BBB-46BC-A7B8-CD397FBC9678}.Release|x86.ActiveCfg = Release|Any CPU
		{32DC9BE6-5BBB-46BC-A7B8-CD397FBC9678}.Release|x86.Build.0 = Release|Any CPU
		{69A4D37C-27C3-4D6D-A6DE-ADC5EEB69249}.Debug|Any CPU.ActiveCfg = Debug|Any CPU
		{69A4D37C-27C3-4D6D-A6DE-ADC5EEB69249}.Debug|Any CPU.Build.0 = Debug|Any CPU
		{69A4D37C-27C3-4D6D-A6DE-ADC5EEB69249}.Debug|x64.ActiveCfg = Debug|Any CPU
		{69A4D37C-27C3-4D6D-A6DE-ADC5EEB69249}.Debug|x64.Build.0 = Debug|Any CPU
		{69A4D37C-27C3-4D6D-A6DE-ADC5EEB69249}.Debug|x86.ActiveCfg = Debug|Any CPU
		{69A4D37C-27C3-4D6D-A6DE-ADC5EEB69249}.Debug|x86.Build.0 = Debug|Any CPU
		{69A4D37C-27C3-4D6D-A6DE-ADC5EEB69249}.Release|Any CPU.ActiveCfg = Release|Any CPU
		{69A4D37C-27C3-4D6D-A6DE-ADC5EEB69249}.Release|Any CPU.Build.0 = Release|Any CPU
		{69A4D37C-27C3-4D6D-A6DE-ADC5EEB69249}.Release|x64.ActiveCfg = Release|Any CPU
		{69A4D37C-27C3-4D6D-A6DE-ADC5EEB69249}.Release|x64.Build.0 = Release|Any CPU
		{69A4D37C-27C3-4D6D-A6DE-ADC5EEB69249}.Release|x86.ActiveCfg = Release|Any CPU
		{69A4D37C-27C3-4D6D-A6DE-ADC5EEB69249}.Release|x86.Build.0 = Release|Any CPU
		{7E406252-5803-4755-87C7-D159BFA09D3A}.Debug|Any CPU.ActiveCfg = Debug|Any CPU
		{7E406252-5803-4755-87C7-D159BFA09D3A}.Debug|Any CPU.Build.0 = Debug|Any CPU
		{7E406252-5803-4755-87C7-D159BFA09D3A}.Debug|x64.ActiveCfg = Debug|Any CPU
		{7E406252-5803-4755-87C7-D159BFA09D3A}.Debug|x64.Build.0 = Debug|Any CPU
		{7E406252-5803-4755-87C7-D159BFA09D3A}.Debug|x86.ActiveCfg = Debug|Any CPU
		{7E406252-5803-4755-87C7-D159BFA09D3A}.Debug|x86.Build.0 = Debug|Any CPU
		{7E406252-5803-4755-87C7-D159BFA09D3A}.Release|Any CPU.ActiveCfg = Release|Any CPU
		{7E406252-5803-4755-87C7-D159BFA09D3A}.Release|Any CPU.Build.0 = Release|Any CPU
		{7E406252-5803-4755-87C7-D159BFA09D3A}.Release|x64.ActiveCfg = Release|Any CPU
		{7E406252-5803-4755-87C7-D159BFA09D3A}.Release|x64.Build.0 = Release|Any CPU
		{7E406252-5803-4755-87C7-D159BFA09D3A}.Release|x86.ActiveCfg = Release|Any CPU
		{7E406252-5803-4755-87C7-D159BFA09D3A}.Release|x86.Build.0 = Release|Any CPU
		{0CD75F14-E5AB-43F9-8ACD-BB506655317D}.Debug|Any CPU.ActiveCfg = Debug|Any CPU
		{0CD75F14-E5AB-43F9-8ACD-BB506655317D}.Debug|Any CPU.Build.0 = Debug|Any CPU
		{0CD75F14-E5AB-43F9-8ACD-BB506655317D}.Debug|x64.ActiveCfg = Debug|Any CPU
		{0CD75F14-E5AB-43F9-8ACD-BB506655317D}.Debug|x64.Build.0 = Debug|Any CPU
		{0CD75F14-E5AB-43F9-8ACD-BB506655317D}.Debug|x86.ActiveCfg = Debug|Any CPU
		{0CD75F14-E5AB-43F9-8ACD-BB506655317D}.Debug|x86.Build.0 = Debug|Any CPU
		{0CD75F14-E5AB-43F9-8ACD-BB506655317D}.Release|Any CPU.ActiveCfg = Release|Any CPU
		{0CD75F14-E5AB-43F9-8ACD-BB506655317D}.Release|Any CPU.Build.0 = Release|Any CPU
		{0CD75F14-E5AB-43F9-8ACD-BB506655317D}.Release|x64.ActiveCfg = Release|Any CPU
		{0CD75F14-E5AB-43F9-8ACD-BB506655317D}.Release|x64.Build.0 = Release|Any CPU
		{0CD75F14-E5AB-43F9-8ACD-BB506655317D}.Release|x86.ActiveCfg = Release|Any CPU
		{0CD75F14-E5AB-43F9-8ACD-BB506655317D}.Release|x86.Build.0 = Release|Any CPU
		{097245E7-DABF-4894-8DF0-0AD83E27A4C9}.Debug|Any CPU.ActiveCfg = Debug|Any CPU
		{097245E7-DABF-4894-8DF0-0AD83E27A4C9}.Debug|Any CPU.Build.0 = Debug|Any CPU
		{097245E7-DABF-4894-8DF0-0AD83E27A4C9}.Debug|x64.ActiveCfg = Debug|Any CPU
		{097245E7-DABF-4894-8DF0-0AD83E27A4C9}.Debug|x64.Build.0 = Debug|Any CPU
		{097245E7-DABF-4894-8DF0-0AD83E27A4C9}.Debug|x86.ActiveCfg = Debug|Any CPU
		{097245E7-DABF-4894-8DF0-0AD83E27A4C9}.Debug|x86.Build.0 = Debug|Any CPU
		{097245E7-DABF-4894-8DF0-0AD83E27A4C9}.Release|Any CPU.ActiveCfg = Release|Any CPU
		{097245E7-DABF-4894-8DF0-0AD83E27A4C9}.Release|Any CPU.Build.0 = Release|Any CPU
		{097245E7-DABF-4894-8DF0-0AD83E27A4C9}.Release|x64.ActiveCfg = Release|Any CPU
		{097245E7-DABF-4894-8DF0-0AD83E27A4C9}.Release|x64.Build.0 = Release|Any CPU
		{097245E7-DABF-4894-8DF0-0AD83E27A4C9}.Release|x86.ActiveCfg = Release|Any CPU
		{097245E7-DABF-4894-8DF0-0AD83E27A4C9}.Release|x86.Build.0 = Release|Any CPU
		{ECDA84B7-0AB6-4E68-9188-B6A3C1349BC1}.Debug|Any CPU.ActiveCfg = Debug|Any CPU
		{ECDA84B7-0AB6-4E68-9188-B6A3C1349BC1}.Debug|Any CPU.Build.0 = Debug|Any CPU
		{ECDA84B7-0AB6-4E68-9188-B6A3C1349BC1}.Debug|x64.ActiveCfg = Debug|Any CPU
		{ECDA84B7-0AB6-4E68-9188-B6A3C1349BC1}.Debug|x64.Build.0 = Debug|Any CPU
		{ECDA84B7-0AB6-4E68-9188-B6A3C1349BC1}.Debug|x86.ActiveCfg = Debug|Any CPU
		{ECDA84B7-0AB6-4E68-9188-B6A3C1349BC1}.Debug|x86.Build.0 = Debug|Any CPU
		{ECDA84B7-0AB6-4E68-9188-B6A3C1349BC1}.Release|Any CPU.ActiveCfg = Release|Any CPU
		{ECDA84B7-0AB6-4E68-9188-B6A3C1349BC1}.Release|Any CPU.Build.0 = Release|Any CPU
		{ECDA84B7-0AB6-4E68-9188-B6A3C1349BC1}.Release|x64.ActiveCfg = Release|Any CPU
		{ECDA84B7-0AB6-4E68-9188-B6A3C1349BC1}.Release|x64.Build.0 = Release|Any CPU
		{ECDA84B7-0AB6-4E68-9188-B6A3C1349BC1}.Release|x86.ActiveCfg = Release|Any CPU
		{ECDA84B7-0AB6-4E68-9188-B6A3C1349BC1}.Release|x86.Build.0 = Release|Any CPU
		{4F49E10F-2247-4F73-A25E-21BEBDFCC97E}.Debug|Any CPU.ActiveCfg = Debug|Any CPU
		{4F49E10F-2247-4F73-A25E-21BEBDFCC97E}.Debug|Any CPU.Build.0 = Debug|Any CPU
		{4F49E10F-2247-4F73-A25E-21BEBDFCC97E}.Debug|x64.ActiveCfg = Debug|Any CPU
		{4F49E10F-2247-4F73-A25E-21BEBDFCC97E}.Debug|x64.Build.0 = Debug|Any CPU
		{4F49E10F-2247-4F73-A25E-21BEBDFCC97E}.Debug|x86.ActiveCfg = Debug|Any CPU
		{4F49E10F-2247-4F73-A25E-21BEBDFCC97E}.Debug|x86.Build.0 = Debug|Any CPU
		{4F49E10F-2247-4F73-A25E-21BEBDFCC97E}.Release|Any CPU.ActiveCfg = Release|Any CPU
		{4F49E10F-2247-4F73-A25E-21BEBDFCC97E}.Release|Any CPU.Build.0 = Release|Any CPU
		{4F49E10F-2247-4F73-A25E-21BEBDFCC97E}.Release|x64.ActiveCfg = Release|Any CPU
		{4F49E10F-2247-4F73-A25E-21BEBDFCC97E}.Release|x64.Build.0 = Release|Any CPU
		{4F49E10F-2247-4F73-A25E-21BEBDFCC97E}.Release|x86.ActiveCfg = Release|Any CPU
		{4F49E10F-2247-4F73-A25E-21BEBDFCC97E}.Release|x86.Build.0 = Release|Any CPU
		{600E1D74-C9BD-4813-B29B-B4D48CF07C47}.Debug|Any CPU.ActiveCfg = Debug|Any CPU
		{600E1D74-C9BD-4813-B29B-B4D48CF07C47}.Debug|Any CPU.Build.0 = Debug|Any CPU
		{600E1D74-C9BD-4813-B29B-B4D48CF07C47}.Debug|x64.ActiveCfg = Debug|Any CPU
		{600E1D74-C9BD-4813-B29B-B4D48CF07C47}.Debug|x64.Build.0 = Debug|Any CPU
		{600E1D74-C9BD-4813-B29B-B4D48CF07C47}.Debug|x86.ActiveCfg = Debug|Any CPU
		{600E1D74-C9BD-4813-B29B-B4D48CF07C47}.Debug|x86.Build.0 = Debug|Any CPU
		{600E1D74-C9BD-4813-B29B-B4D48CF07C47}.Release|Any CPU.ActiveCfg = Release|Any CPU
		{600E1D74-C9BD-4813-B29B-B4D48CF07C47}.Release|Any CPU.Build.0 = Release|Any CPU
		{600E1D74-C9BD-4813-B29B-B4D48CF07C47}.Release|x64.ActiveCfg = Release|Any CPU
		{600E1D74-C9BD-4813-B29B-B4D48CF07C47}.Release|x64.Build.0 = Release|Any CPU
		{600E1D74-C9BD-4813-B29B-B4D48CF07C47}.Release|x86.ActiveCfg = Release|Any CPU
		{600E1D74-C9BD-4813-B29B-B4D48CF07C47}.Release|x86.Build.0 = Release|Any CPU
		{01BA8F11-7DD0-4CD5-9115-4B2A255CC114}.Debug|Any CPU.ActiveCfg = Debug|Any CPU
		{01BA8F11-7DD0-4CD5-9115-4B2A255CC114}.Debug|Any CPU.Build.0 = Debug|Any CPU
		{01BA8F11-7DD0-4CD5-9115-4B2A255CC114}.Debug|x64.ActiveCfg = Debug|Any CPU
		{01BA8F11-7DD0-4CD5-9115-4B2A255CC114}.Debug|x64.Build.0 = Debug|Any CPU
		{01BA8F11-7DD0-4CD5-9115-4B2A255CC114}.Debug|x86.ActiveCfg = Debug|Any CPU
		{01BA8F11-7DD0-4CD5-9115-4B2A255CC114}.Debug|x86.Build.0 = Debug|Any CPU
		{01BA8F11-7DD0-4CD5-9115-4B2A255CC114}.Release|Any CPU.ActiveCfg = Release|Any CPU
		{01BA8F11-7DD0-4CD5-9115-4B2A255CC114}.Release|Any CPU.Build.0 = Release|Any CPU
		{01BA8F11-7DD0-4CD5-9115-4B2A255CC114}.Release|x64.ActiveCfg = Release|Any CPU
		{01BA8F11-7DD0-4CD5-9115-4B2A255CC114}.Release|x64.Build.0 = Release|Any CPU
		{01BA8F11-7DD0-4CD5-9115-4B2A255CC114}.Release|x86.ActiveCfg = Release|Any CPU
		{01BA8F11-7DD0-4CD5-9115-4B2A255CC114}.Release|x86.Build.0 = Release|Any CPU
		{7AC8B695-1DD3-4511-A1F6-478EA2B0A0F8}.Debug|Any CPU.ActiveCfg = Debug|Any CPU
		{7AC8B695-1DD3-4511-A1F6-478EA2B0A0F8}.Debug|Any CPU.Build.0 = Debug|Any CPU
		{7AC8B695-1DD3-4511-A1F6-478EA2B0A0F8}.Debug|x64.ActiveCfg = Debug|Any CPU
		{7AC8B695-1DD3-4511-A1F6-478EA2B0A0F8}.Debug|x64.Build.0 = Debug|Any CPU
		{7AC8B695-1DD3-4511-A1F6-478EA2B0A0F8}.Debug|x86.ActiveCfg = Debug|Any CPU
		{7AC8B695-1DD3-4511-A1F6-478EA2B0A0F8}.Debug|x86.Build.0 = Debug|Any CPU
		{7AC8B695-1DD3-4511-A1F6-478EA2B0A0F8}.Release|Any CPU.ActiveCfg = Release|Any CPU
		{7AC8B695-1DD3-4511-A1F6-478EA2B0A0F8}.Release|Any CPU.Build.0 = Release|Any CPU
		{7AC8B695-1DD3-4511-A1F6-478EA2B0A0F8}.Release|x64.ActiveCfg = Release|Any CPU
		{7AC8B695-1DD3-4511-A1F6-478EA2B0A0F8}.Release|x64.Build.0 = Release|Any CPU
		{7AC8B695-1DD3-4511-A1F6-478EA2B0A0F8}.Release|x86.ActiveCfg = Release|Any CPU
		{7AC8B695-1DD3-4511-A1F6-478EA2B0A0F8}.Release|x86.Build.0 = Release|Any CPU
		{27B8B2EA-8665-4F92-8682-DA4F6015A1F8}.Debug|Any CPU.ActiveCfg = Debug|Any CPU
		{27B8B2EA-8665-4F92-8682-DA4F6015A1F8}.Debug|Any CPU.Build.0 = Debug|Any CPU
		{27B8B2EA-8665-4F92-8682-DA4F6015A1F8}.Debug|x64.ActiveCfg = Debug|Any CPU
		{27B8B2EA-8665-4F92-8682-DA4F6015A1F8}.Debug|x64.Build.0 = Debug|Any CPU
		{27B8B2EA-8665-4F92-8682-DA4F6015A1F8}.Debug|x86.ActiveCfg = Debug|Any CPU
		{27B8B2EA-8665-4F92-8682-DA4F6015A1F8}.Debug|x86.Build.0 = Debug|Any CPU
		{27B8B2EA-8665-4F92-8682-DA4F6015A1F8}.Release|Any CPU.ActiveCfg = Release|Any CPU
		{27B8B2EA-8665-4F92-8682-DA4F6015A1F8}.Release|Any CPU.Build.0 = Release|Any CPU
		{27B8B2EA-8665-4F92-8682-DA4F6015A1F8}.Release|x64.ActiveCfg = Release|Any CPU
		{27B8B2EA-8665-4F92-8682-DA4F6015A1F8}.Release|x64.Build.0 = Release|Any CPU
		{27B8B2EA-8665-4F92-8682-DA4F6015A1F8}.Release|x86.ActiveCfg = Release|Any CPU
		{27B8B2EA-8665-4F92-8682-DA4F6015A1F8}.Release|x86.Build.0 = Release|Any CPU
		{A253BE61-8A68-4BF2-BB4C-B42F622B7151}.Debug|Any CPU.ActiveCfg = Debug|Any CPU
		{A253BE61-8A68-4BF2-BB4C-B42F622B7151}.Debug|Any CPU.Build.0 = Debug|Any CPU
		{A253BE61-8A68-4BF2-BB4C-B42F622B7151}.Debug|x64.ActiveCfg = Debug|Any CPU
		{A253BE61-8A68-4BF2-BB4C-B42F622B7151}.Debug|x64.Build.0 = Debug|Any CPU
		{A253BE61-8A68-4BF2-BB4C-B42F622B7151}.Debug|x86.ActiveCfg = Debug|Any CPU
		{A253BE61-8A68-4BF2-BB4C-B42F622B7151}.Debug|x86.Build.0 = Debug|Any CPU
		{A253BE61-8A68-4BF2-BB4C-B42F622B7151}.Release|Any CPU.ActiveCfg = Release|Any CPU
		{A253BE61-8A68-4BF2-BB4C-B42F622B7151}.Release|Any CPU.Build.0 = Release|Any CPU
		{A253BE61-8A68-4BF2-BB4C-B42F622B7151}.Release|x64.ActiveCfg = Release|Any CPU
		{A253BE61-8A68-4BF2-BB4C-B42F622B7151}.Release|x64.Build.0 = Release|Any CPU
		{A253BE61-8A68-4BF2-BB4C-B42F622B7151}.Release|x86.ActiveCfg = Release|Any CPU
		{A253BE61-8A68-4BF2-BB4C-B42F622B7151}.Release|x86.Build.0 = Release|Any CPU
		{92DBF2C7-DC98-4BBD-A4DD-0AEF3B6F64B8}.Debug|Any CPU.ActiveCfg = Debug|Any CPU
		{92DBF2C7-DC98-4BBD-A4DD-0AEF3B6F64B8}.Debug|Any CPU.Build.0 = Debug|Any CPU
		{92DBF2C7-DC98-4BBD-A4DD-0AEF3B6F64B8}.Debug|x64.ActiveCfg = Debug|Any CPU
		{92DBF2C7-DC98-4BBD-A4DD-0AEF3B6F64B8}.Debug|x64.Build.0 = Debug|Any CPU
		{92DBF2C7-DC98-4BBD-A4DD-0AEF3B6F64B8}.Debug|x86.ActiveCfg = Debug|Any CPU
		{92DBF2C7-DC98-4BBD-A4DD-0AEF3B6F64B8}.Debug|x86.Build.0 = Debug|Any CPU
		{92DBF2C7-DC98-4BBD-A4DD-0AEF3B6F64B8}.Release|Any CPU.ActiveCfg = Release|Any CPU
		{92DBF2C7-DC98-4BBD-A4DD-0AEF3B6F64B8}.Release|Any CPU.Build.0 = Release|Any CPU
		{92DBF2C7-DC98-4BBD-A4DD-0AEF3B6F64B8}.Release|x64.ActiveCfg = Release|Any CPU
		{92DBF2C7-DC98-4BBD-A4DD-0AEF3B6F64B8}.Release|x64.Build.0 = Release|Any CPU
		{92DBF2C7-DC98-4BBD-A4DD-0AEF3B6F64B8}.Release|x86.ActiveCfg = Release|Any CPU
		{92DBF2C7-DC98-4BBD-A4DD-0AEF3B6F64B8}.Release|x86.Build.0 = Release|Any CPU
		{80691E24-0A2B-46F9-B6E3-AE7B23D80DCF}.Debug|Any CPU.ActiveCfg = Debug|Any CPU
		{80691E24-0A2B-46F9-B6E3-AE7B23D80DCF}.Debug|Any CPU.Build.0 = Debug|Any CPU
		{80691E24-0A2B-46F9-B6E3-AE7B23D80DCF}.Debug|x64.ActiveCfg = Debug|Any CPU
		{80691E24-0A2B-46F9-B6E3-AE7B23D80DCF}.Debug|x64.Build.0 = Debug|Any CPU
		{80691E24-0A2B-46F9-B6E3-AE7B23D80DCF}.Debug|x86.ActiveCfg = Debug|Any CPU
		{80691E24-0A2B-46F9-B6E3-AE7B23D80DCF}.Debug|x86.Build.0 = Debug|Any CPU
		{80691E24-0A2B-46F9-B6E3-AE7B23D80DCF}.Release|Any CPU.ActiveCfg = Release|Any CPU
		{80691E24-0A2B-46F9-B6E3-AE7B23D80DCF}.Release|Any CPU.Build.0 = Release|Any CPU
		{80691E24-0A2B-46F9-B6E3-AE7B23D80DCF}.Release|x64.ActiveCfg = Release|Any CPU
		{80691E24-0A2B-46F9-B6E3-AE7B23D80DCF}.Release|x64.Build.0 = Release|Any CPU
		{80691E24-0A2B-46F9-B6E3-AE7B23D80DCF}.Release|x86.ActiveCfg = Release|Any CPU
		{80691E24-0A2B-46F9-B6E3-AE7B23D80DCF}.Release|x86.Build.0 = Release|Any CPU
		{81B573D8-37CC-4B0D-98C3-ED2117AEF176}.Debug|Any CPU.ActiveCfg = Debug|Any CPU
		{81B573D8-37CC-4B0D-98C3-ED2117AEF176}.Debug|Any CPU.Build.0 = Debug|Any CPU
		{81B573D8-37CC-4B0D-98C3-ED2117AEF176}.Debug|x64.ActiveCfg = Debug|Any CPU
		{81B573D8-37CC-4B0D-98C3-ED2117AEF176}.Debug|x64.Build.0 = Debug|Any CPU
		{81B573D8-37CC-4B0D-98C3-ED2117AEF176}.Debug|x86.ActiveCfg = Debug|Any CPU
		{81B573D8-37CC-4B0D-98C3-ED2117AEF176}.Debug|x86.Build.0 = Debug|Any CPU
		{81B573D8-37CC-4B0D-98C3-ED2117AEF176}.Release|Any CPU.ActiveCfg = Release|Any CPU
		{81B573D8-37CC-4B0D-98C3-ED2117AEF176}.Release|Any CPU.Build.0 = Release|Any CPU
		{81B573D8-37CC-4B0D-98C3-ED2117AEF176}.Release|x64.ActiveCfg = Release|Any CPU
		{81B573D8-37CC-4B0D-98C3-ED2117AEF176}.Release|x64.Build.0 = Release|Any CPU
		{81B573D8-37CC-4B0D-98C3-ED2117AEF176}.Release|x86.ActiveCfg = Release|Any CPU
		{81B573D8-37CC-4B0D-98C3-ED2117AEF176}.Release|x86.Build.0 = Release|Any CPU
		{DF1F149B-DC9B-4E9C-8141-BA7EE1693B96}.Debug|Any CPU.ActiveCfg = Debug|Any CPU
		{DF1F149B-DC9B-4E9C-8141-BA7EE1693B96}.Debug|Any CPU.Build.0 = Debug|Any CPU
		{DF1F149B-DC9B-4E9C-8141-BA7EE1693B96}.Debug|x64.ActiveCfg = Debug|Any CPU
		{DF1F149B-DC9B-4E9C-8141-BA7EE1693B96}.Debug|x64.Build.0 = Debug|Any CPU
		{DF1F149B-DC9B-4E9C-8141-BA7EE1693B96}.Debug|x86.ActiveCfg = Debug|Any CPU
		{DF1F149B-DC9B-4E9C-8141-BA7EE1693B96}.Debug|x86.Build.0 = Debug|Any CPU
		{DF1F149B-DC9B-4E9C-8141-BA7EE1693B96}.Release|Any CPU.ActiveCfg = Release|Any CPU
		{DF1F149B-DC9B-4E9C-8141-BA7EE1693B96}.Release|Any CPU.Build.0 = Release|Any CPU
		{DF1F149B-DC9B-4E9C-8141-BA7EE1693B96}.Release|x64.ActiveCfg = Release|Any CPU
		{DF1F149B-DC9B-4E9C-8141-BA7EE1693B96}.Release|x64.Build.0 = Release|Any CPU
		{DF1F149B-DC9B-4E9C-8141-BA7EE1693B96}.Release|x86.ActiveCfg = Release|Any CPU
		{DF1F149B-DC9B-4E9C-8141-BA7EE1693B96}.Release|x86.Build.0 = Release|Any CPU
		{0A677189-3863-429C-A821-19C264966243}.Debug|Any CPU.ActiveCfg = Debug|Any CPU
		{0A677189-3863-429C-A821-19C264966243}.Debug|Any CPU.Build.0 = Debug|Any CPU
		{0A677189-3863-429C-A821-19C264966243}.Debug|x64.ActiveCfg = Debug|Any CPU
		{0A677189-3863-429C-A821-19C264966243}.Debug|x64.Build.0 = Debug|Any CPU
		{0A677189-3863-429C-A821-19C264966243}.Debug|x86.ActiveCfg = Debug|Any CPU
		{0A677189-3863-429C-A821-19C264966243}.Debug|x86.Build.0 = Debug|Any CPU
		{0A677189-3863-429C-A821-19C264966243}.Release|Any CPU.ActiveCfg = Release|Any CPU
		{0A677189-3863-429C-A821-19C264966243}.Release|Any CPU.Build.0 = Release|Any CPU
		{0A677189-3863-429C-A821-19C264966243}.Release|x64.ActiveCfg = Release|Any CPU
		{0A677189-3863-429C-A821-19C264966243}.Release|x64.Build.0 = Release|Any CPU
		{0A677189-3863-429C-A821-19C264966243}.Release|x86.ActiveCfg = Release|Any CPU
		{0A677189-3863-429C-A821-19C264966243}.Release|x86.Build.0 = Release|Any CPU
		{E4890550-EF10-4887-8732-AE65C9F8CAEC}.Debug|Any CPU.ActiveCfg = Debug|Any CPU
		{E4890550-EF10-4887-8732-AE65C9F8CAEC}.Debug|Any CPU.Build.0 = Debug|Any CPU
		{E4890550-EF10-4887-8732-AE65C9F8CAEC}.Debug|x64.ActiveCfg = Debug|Any CPU
		{E4890550-EF10-4887-8732-AE65C9F8CAEC}.Debug|x64.Build.0 = Debug|Any CPU
		{E4890550-EF10-4887-8732-AE65C9F8CAEC}.Debug|x86.ActiveCfg = Debug|Any CPU
		{E4890550-EF10-4887-8732-AE65C9F8CAEC}.Debug|x86.Build.0 = Debug|Any CPU
		{E4890550-EF10-4887-8732-AE65C9F8CAEC}.Release|Any CPU.ActiveCfg = Release|Any CPU
		{E4890550-EF10-4887-8732-AE65C9F8CAEC}.Release|Any CPU.Build.0 = Release|Any CPU
		{E4890550-EF10-4887-8732-AE65C9F8CAEC}.Release|x64.ActiveCfg = Release|Any CPU
		{E4890550-EF10-4887-8732-AE65C9F8CAEC}.Release|x64.Build.0 = Release|Any CPU
		{E4890550-EF10-4887-8732-AE65C9F8CAEC}.Release|x86.ActiveCfg = Release|Any CPU
		{E4890550-EF10-4887-8732-AE65C9F8CAEC}.Release|x86.Build.0 = Release|Any CPU
		{1333C9B8-0EAC-47D1-808C-B3CE851B4E78}.Debug|Any CPU.ActiveCfg = Debug|Any CPU
		{1333C9B8-0EAC-47D1-808C-B3CE851B4E78}.Debug|Any CPU.Build.0 = Debug|Any CPU
		{1333C9B8-0EAC-47D1-808C-B3CE851B4E78}.Debug|x64.ActiveCfg = Debug|Any CPU
		{1333C9B8-0EAC-47D1-808C-B3CE851B4E78}.Debug|x64.Build.0 = Debug|Any CPU
		{1333C9B8-0EAC-47D1-808C-B3CE851B4E78}.Debug|x86.ActiveCfg = Debug|Any CPU
		{1333C9B8-0EAC-47D1-808C-B3CE851B4E78}.Debug|x86.Build.0 = Debug|Any CPU
		{1333C9B8-0EAC-47D1-808C-B3CE851B4E78}.Release|Any CPU.ActiveCfg = Release|Any CPU
		{1333C9B8-0EAC-47D1-808C-B3CE851B4E78}.Release|Any CPU.Build.0 = Release|Any CPU
		{1333C9B8-0EAC-47D1-808C-B3CE851B4E78}.Release|x64.ActiveCfg = Release|Any CPU
		{1333C9B8-0EAC-47D1-808C-B3CE851B4E78}.Release|x64.Build.0 = Release|Any CPU
		{1333C9B8-0EAC-47D1-808C-B3CE851B4E78}.Release|x86.ActiveCfg = Release|Any CPU
		{1333C9B8-0EAC-47D1-808C-B3CE851B4E78}.Release|x86.Build.0 = Release|Any CPU
		{221280B7-22B5-4A5F-B202-8483E715AD52}.Debug|Any CPU.ActiveCfg = Debug|Any CPU
		{221280B7-22B5-4A5F-B202-8483E715AD52}.Debug|Any CPU.Build.0 = Debug|Any CPU
		{221280B7-22B5-4A5F-B202-8483E715AD52}.Debug|x64.ActiveCfg = Debug|Any CPU
		{221280B7-22B5-4A5F-B202-8483E715AD52}.Debug|x64.Build.0 = Debug|Any CPU
		{221280B7-22B5-4A5F-B202-8483E715AD52}.Debug|x86.ActiveCfg = Debug|Any CPU
		{221280B7-22B5-4A5F-B202-8483E715AD52}.Debug|x86.Build.0 = Debug|Any CPU
		{221280B7-22B5-4A5F-B202-8483E715AD52}.Release|Any CPU.ActiveCfg = Release|Any CPU
		{221280B7-22B5-4A5F-B202-8483E715AD52}.Release|Any CPU.Build.0 = Release|Any CPU
		{221280B7-22B5-4A5F-B202-8483E715AD52}.Release|x64.ActiveCfg = Release|Any CPU
		{221280B7-22B5-4A5F-B202-8483E715AD52}.Release|x64.Build.0 = Release|Any CPU
		{221280B7-22B5-4A5F-B202-8483E715AD52}.Release|x86.ActiveCfg = Release|Any CPU
		{221280B7-22B5-4A5F-B202-8483E715AD52}.Release|x86.Build.0 = Release|Any CPU
	EndGlobalSection
	GlobalSection(SolutionProperties) = preSolution
		HideSolutionNode = FALSE
	EndGlobalSection
	GlobalSection(NestedProjects) = preSolution
		{F2A3B4C5-D6E7-4F8A-9B0C-1D2E3F4A5B6C} = {E1F2A3B4-C5D6-4E7F-8A9B-0C1D2E3F4A5B}
		{A3B4C5D6-E7F8-4A9B-0C1D-2E3F4A5B6C7D} = {F2A3B4C5-D6E7-4F8A-9B0C-1D2E3F4A5B6C}
		{B4C5D6E7-F8A9-4B0C-1D2E-3F4A5B6C7D8E} = {A3B4C5D6-E7F8-4A9B-0C1D-2E3F4A5B6C7D}
		{A1B2C3D4-E5F6-4A5B-8C9D-0E1F2A3B4C5D} = {B4C5D6E7-F8A9-4B0C-1D2E-3F4A5B6C7D8E}
		{B01154FF-E52A-4E95-A252-A942DBB15C90} = {F2A3B4C5-D6E7-4F8A-9B0C-1D2E3F4A5B6C}
		{326752C0-934D-4585-801F-098C61B023BF} = {B01154FF-E52A-4E95-A252-A942DBB15C90}
		{AE0DDF6C-B672-48B1-9CAD-B571C139C3AF} = {B01154FF-E52A-4E95-A252-A942DBB15C90}
		{E3C7380E-B453-440A-8E00-FC71DF238ECA} = {AE0DDF6C-B672-48B1-9CAD-B571C139C3AF}
		{061E5865-5855-4963-9EC6-14DFBF701796} = {AE0DDF6C-B672-48B1-9CAD-B571C139C3AF}
		{CC8E15EB-0C80-B615-8E7A-4AC284B681E9} = {F2A3B4C5-D6E7-4F8A-9B0C-1D2E3F4A5B6C}
		{A0F4862F-9F1E-8C75-F5AE-42C5E09F12E8} = {CC8E15EB-0C80-B615-8E7A-4AC284B681E9}
		{8F7821D8-FF9C-444D-8857-02ABF3143281} = {A0F4862F-9F1E-8C75-F5AE-42C5E09F12E8}
		{80714C92-BB95-444D-AB8D-E4292331DF17} = {A0F4862F-9F1E-8C75-F5AE-42C5E09F12E8}
		{B33B7123-2D25-49E9-B8B0-A1D7B09D60F2} = {A0F4862F-9F1E-8C75-F5AE-42C5E09F12E8}
		{75B0BF66-FC79-4DFD-B71E-714BB13C4937} = {A0F4862F-9F1E-8C75-F5AE-42C5E09F12E8}
		{04104E7E-8ABA-465C-A5DD-62B4D5566DE1} = {A0F4862F-9F1E-8C75-F5AE-42C5E09F12E8}
		{AA02B9A1-B074-4874-BE2C-9370D9D623E4} = {A0F4862F-9F1E-8C75-F5AE-42C5E09F12E8}
		{2AE9D0C6-92F0-42C2-A404-BE266CA7BB32} = {A0F4862F-9F1E-8C75-F5AE-42C5E09F12E8}
		{17933BCF-BE39-4748-8FB1-7ECBA41566BE} = {A0F4862F-9F1E-8C75-F5AE-42C5E09F12E8}
		{60BB9525-14CC-446C-B347-6E5CEA3558ED} = {A0F4862F-9F1E-8C75-F5AE-42C5E09F12E8}
		{63BD3071-DB8D-4D32-A099-D2C8E5814AC2} = {A0F4862F-9F1E-8C75-F5AE-42C5E09F12E8}
		{98E37F50-8A7D-E9CE-E460-6FDF1782B4D7} = {CC8E15EB-0C80-B615-8E7A-4AC284B681E9}
		{DF7AFBB6-32A2-43EF-A0BB-BA57DF9766FA} = {98E37F50-8A7D-E9CE-E460-6FDF1782B4D7}
		{AF73E4F4-1B4E-4917-8BDF-FC8C936BFB1C} = {98E37F50-8A7D-E9CE-E460-6FDF1782B4D7}
		{D00C07C9-9553-43DC-B34B-0FA0FE9958B6} = {98E37F50-8A7D-E9CE-E460-6FDF1782B4D7}
		{065C5DF3-CC24-4983-877E-BC9A0CC859AC} = {98E37F50-8A7D-E9CE-E460-6FDF1782B4D7}
		{02E8D491-BF10-D096-01FD-47F957B6E705} = {CC8E15EB-0C80-B615-8E7A-4AC284B681E9}
		{194307A9-CE47-4ED6-AC36-3CF3847C80E8} = {02E8D491-BF10-D096-01FD-47F957B6E705}
		{C7685868-F491-4BA4-A330-0303F500A0C4} = {02E8D491-BF10-D096-01FD-47F957B6E705}
		{04FCA2F6-EB27-E668-C5EF-72E380575CB5} = {F2A3B4C5-D6E7-4F8A-9B0C-1D2E3F4A5B6C}
		{09DC92A8-CE82-6AE0-25EA-60CD2C40B84C} = {04FCA2F6-EB27-E668-C5EF-72E380575CB5}
		{EB4A2733-CC7F-46C3-AEC1-F227DDFEFEC4} = {09DC92A8-CE82-6AE0-25EA-60CD2C40B84C}
		{A3F02198-86B4-4CDD-8557-FB7515AB22E2} = {09DC92A8-CE82-6AE0-25EA-60CD2C40B84C}
		{5DF644B3-0A7E-4B3C-85C9-10B55D6585C5} = {09DC92A8-CE82-6AE0-25EA-60CD2C40B84C}
		{9F1EE881-2541-42B2-8F24-D14CAF7816E8} = {09DC92A8-CE82-6AE0-25EA-60CD2C40B84C}
		{ABC1FAD7-932C-42B5-81FF-F08C099964E7} = {09DC92A8-CE82-6AE0-25EA-60CD2C40B84C}
		{9B460429-E9BB-4D4A-8C7C-EB1DE79955A8} = {09DC92A8-CE82-6AE0-25EA-60CD2C40B84C}
		{6D09153C-D4E8-42F2-9A51-212A11B20C53} = {09DC92A8-CE82-6AE0-25EA-60CD2C40B84C}
		{FC2A0ADE-2E5B-4EF7-9EB9-2C8127A1847F} = {09DC92A8-CE82-6AE0-25EA-60CD2C40B84C}
		{07F137D5-6C80-48AF-97BE-981B58A6886C} = {09DC92A8-CE82-6AE0-25EA-60CD2C40B84C}
		{9CAF5C91-2287-4A77-A536-A6ED05D357EA} = {09DC92A8-CE82-6AE0-25EA-60CD2C40B84C}
		{9F171937-3E5F-439F-BBF9-F319B650CF1E} = {09DC92A8-CE82-6AE0-25EA-60CD2C40B84C}
		{0E6C3FDF-0702-4A42-B2F3-E0CACDA2188B} = {04FCA2F6-EB27-E668-C5EF-72E380575CB5}
		{27415EB6-4318-4F3D-8BAA-A3DB3E0F8D98} = {04FCA2F6-EB27-E668-C5EF-72E380575CB5}
		{D69BEC28-893E-4B7B-BED3-ADBEE7C1831D} = {04FCA2F6-EB27-E668-C5EF-72E380575CB5}
		{32DC9BE6-5BBB-46BC-A7B8-CD397FBC9678} = {04FCA2F6-EB27-E668-C5EF-72E380575CB5}
		{69A4D37C-27C3-4D6D-A6DE-ADC5EEB69249} = {04FCA2F6-EB27-E668-C5EF-72E380575CB5}
		{7E406252-5803-4755-87C7-D159BFA09D3A} = {04FCA2F6-EB27-E668-C5EF-72E380575CB5}
		{0CD75F14-E5AB-43F9-8ACD-BB506655317D} = {04FCA2F6-EB27-E668-C5EF-72E380575CB5}
		{097245E7-DABF-4894-8DF0-0AD83E27A4C9} = {04FCA2F6-EB27-E668-C5EF-72E380575CB5}
		{ECDA84B7-0AB6-4E68-9188-B6A3C1349BC1} = {04FCA2F6-EB27-E668-C5EF-72E380575CB5}
		{4F49E10F-2247-4F73-A25E-21BEBDFCC97E} = {04FCA2F6-EB27-E668-C5EF-72E380575CB5}
		{600E1D74-C9BD-4813-B29B-B4D48CF07C47} = {04FCA2F6-EB27-E668-C5EF-72E380575CB5}
		{01BA8F11-7DD0-4CD5-9115-4B2A255CC114} = {04FCA2F6-EB27-E668-C5EF-72E380575CB5}
		{9D313E10-07A5-79CE-3D3C-39F2B49D3F79} = {F2A3B4C5-D6E7-4F8A-9B0C-1D2E3F4A5B6C}
		{C61D2843-DF1D-F4E3-C431-019E0E852E53} = {9D313E10-07A5-79CE-3D3C-39F2B49D3F79}
		{7AC8B695-1DD3-4511-A1F6-478EA2B0A0F8} = {C61D2843-DF1D-F4E3-C431-019E0E852E53}
		{27B8B2EA-8665-4F92-8682-DA4F6015A1F8} = {9D313E10-07A5-79CE-3D3C-39F2B49D3F79}
		{EEB0E54B-7885-B919-F002-19669AC947F0} = {F2A3B4C5-D6E7-4F8A-9B0C-1D2E3F4A5B6C}
		{C25EF3E6-9980-C544-908B-67228B1AF6E6} = {EEB0E54B-7885-B919-F002-19669AC947F0}
		{A253BE61-8A68-4BF2-BB4C-B42F622B7151} = {C25EF3E6-9980-C544-908B-67228B1AF6E6}
		{92DBF2C7-DC98-4BBD-A4DD-0AEF3B6F64B8} = {C25EF3E6-9980-C544-908B-67228B1AF6E6}
		{80691E24-0A2B-46F9-B6E3-AE7B23D80DCF} = {EEB0E54B-7885-B919-F002-19669AC947F0}
		{81B573D8-37CC-4B0D-98C3-ED2117AEF176} = {EEB0E54B-7885-B919-F002-19669AC947F0}
		{3BF2D25C-0C2D-21B8-D503-24C698CE0621} = {E1F2A3B4-C5D6-4E7F-8A9B-0C1D2E3F4A5B}
		{6E5C0524-5132-0CFC-9C57-5F8FA5F80FC8} = {3BF2D25C-0C2D-21B8-D503-24C698CE0621}
		{04536217-308A-1321-270B-17A2D8E2D547} = {6E5C0524-5132-0CFC-9C57-5F8FA5F80FC8}
		{DF1F149B-DC9B-4E9C-8141-BA7EE1693B96} = {04536217-308A-1321-270B-17A2D8E2D547}
		{E8252459-65BA-4957-B475-23C1EB1DD0EE} = {3BF2D25C-0C2D-21B8-D503-24C698CE0621}
		{0A677189-3863-429C-A821-19C264966243} = {E8252459-65BA-4957-B475-23C1EB1DD0EE}
		{B4D8A5AF-887C-4280-9C4A-3451337B212F} = {E8252459-65BA-4957-B475-23C1EB1DD0EE}
		{E4890550-EF10-4887-8732-AE65C9F8CAEC} = {B4D8A5AF-887C-4280-9C4A-3451337B212F}
		{1333C9B8-0EAC-47D1-808C-B3CE851B4E78} = {B4D8A5AF-887C-4280-9C4A-3451337B212F}
		{599F821B-8620-88D8-0483-1806F25E75AE} = {E1F2A3B4-C5D6-4E7F-8A9B-0C1D2E3F4A5B}
		{61ADAB6B-BC15-B75A-630E-9D9B97953287} = {599F821B-8620-88D8-0483-1806F25E75AE}
		{9F9A84C1-22DB-997E-5B97-6D3B8DBF5872} = {61ADAB6B-BC15-B75A-630E-9D9B97953287}
		{221280B7-22B5-4A5F-B202-8483E715AD52} = {9F9A84C1-22DB-997E-5B97-6D3B8DBF5872}
	EndGlobalSection
EndGlobal
